PODS:
  - Alamofire (5.4.3)
  - Disk (0.6.4)
  - Kanna (5.2.4)
  - NVActivityIndicatorView (4.8.0):
    - NVActivityIndicatorView/Presenter (= 4.8.0)
  - NVActivityIndicatorView/Presenter (4.8.0)

DEPENDENCIES:
  - Alamofire (= 5.4.3)
  - Disk (= 0.6.4)
  - Kanna (= 5.2.4)
  - NVActivityIndicatorView (= 4.8.0)

SPEC REPOS:
  trunk:
    - Alamofire
    - Disk
    - Kanna
    - NVActivityIndicatorView

SPEC CHECKSUMS:
  Alamofire: e447a2774a40c996748296fa2c55112fdbbc42f9
  Disk: dcee5c2e98fb72f9a924cde8da8435b08244a80e
  Kanna: b9d00d7c11428308c7f95e1f1f84b8205f567a8f
  NVActivityIndicatorView: d24b7ebcf80af5dcd994adb650e2b6c93379270f

PODFILE CHECKSUM: 71b626bb8a8ce078293d899150f0fcada9a31f4c

COCOAPODS: 1.10.1
