PODS:
  - Alamofire (4.9.0)
  - Kanna (5.0.0)

DEPENDENCIES:
  - Alamofire (= 4.9.0)
  - Kanna (= 5.0.0)

SPEC REPOS:
  trunk:
    - Alamofire
    - Kanna

SPEC CHECKSUMS:
  Alamofire: afc3e7c6db61476cb45cdd23fed06bad03bbc321
  Kanna: a32875df62975f8f4b871e933b4ea1a5c3b8be0f

PODFILE CHECKSUM: 61e407ec81bf9d17c4a31a8c871fa5b3fc9c0ccc

COCOAPODS: 1.9.1
