// !$*UTF8*$!
{
	archiveVersion = 1;
	classes = {
	};
	objectVersion = 51;
	objects = {

/* Begin PBXBuildFile section */
		10E9BF8AF8A5B9A5F252293A /* Pods_TotoRan_TotoRanUITests.framework in Frameworks */ = {isa = PBXBuildFile; fileRef = 0DFAC1A2666BB7BA9D44B887 /* Pods_TotoRan_TotoRanUITests.framework */; };
		146FB23DAF7F671D0EDD44EA /* Pods_TotoRanTests.framework in Frameworks */ = {isa = PBXBuildFile; fileRef = 537939EA91F1616B9DF30CFF /* Pods_TotoRanTests.framework */; };
		17FDC3262641A0E300A9EFAE /* AppDelegate.swift in Sources */ = {isa = PBXBuildFile; fileRef = 17FDC3252641A0E300A9EFAE /* AppDelegate.swift */; };
		17FDC3282641A0E300A9EFAE /* SceneDelegate.swift in Sources */ = {isa = PBXBuildFile; fileRef = 17FDC3272641A0E300A9EFAE /* SceneDelegate.swift */; };
		17FDC32A2641A0E300A9EFAE /* ViewController.swift in Sources */ = {isa = PBXBuildFile; fileRef = 17FDC3292641A0E300A9EFAE /* ViewController.swift */; };
		17FDC32D2641A0E300A9EFAE /* Main.storyboard in Resources */ = {isa = PBXBuildFile; fileRef = 17FDC32B2641A0E300A9EFAE /* Main.storyboard */; };
		17FDC32F2641A0E500A9EFAE /* Assets.xcassets in Resources */ = {isa = PBXBuildFile; fileRef = 17FDC32E2641A0E500A9EFAE /* Assets.xcassets */; };
		17FDC3322641A0E500A9EFAE /* LaunchScreen.storyboard in Resources */ = {isa = PBXBuildFile; fileRef = 17FDC3302641A0E500A9EFAE /* LaunchScreen.storyboard */; };
		17FDC33D2641A0E500A9EFAE /* TotoRanTests.swift in Sources */ = {isa = PBXBuildFile; fileRef = 17FDC33C2641A0E500A9EFAE /* TotoRanTests.swift */; };
		17FDC3482641A0E500A9EFAE /* TotoRanUITests.swift in Sources */ = {isa = PBXBuildFile; fileRef = 17FDC3472641A0E500A9EFAE /* TotoRanUITests.swift */; };
		F88C765D783893FB44718835 /* Pods_TotoRan.framework in Frameworks */ = {isa = PBXBuildFile; fileRef = 726D672B129C94CAAA534E7C /* Pods_TotoRan.framework */; };
/* End PBXBuildFile section */

/* Begin PBXContainerItemProxy section */
		17FDC3392641A0E500A9EFAE /* PBXContainerItemProxy */ = {
			isa = PBXContainerItemProxy;
			containerPortal = 17FDC31A2641A0E300A9EFAE /* Project object */;
			proxyType = 1;
			remoteGlobalIDString = 17FDC3212641A0E300A9EFAE;
			remoteInfo = TotoRan;
		};
		17FDC3442641A0E500A9EFAE /* PBXContainerItemProxy */ = {
			isa = PBXContainerItemProxy;
			containerPortal = 17FDC31A2641A0E300A9EFAE /* Project object */;
			proxyType = 1;
			remoteGlobalIDString = 17FDC3212641A0E300A9EFAE;
			remoteInfo = TotoRan;
		};
/* End PBXContainerItemProxy section */

/* Begin PBXFileReference section */
		083EADC0A1FFE0082F78C4B2 /* Pods-TotoRanTests.release.xcconfig */ = {isa = PBXFileReference; includeInIndex = 1; lastKnownFileType = text.xcconfig; name = "Pods-TotoRanTests.release.xcconfig"; path = "Target Support Files/Pods-TotoRanTests/Pods-TotoRanTests.release.xcconfig"; sourceTree = "<group>"; };
		0DFAC1A2666BB7BA9D44B887 /* Pods_TotoRan_TotoRanUITests.framework */ = {isa = PBXFileReference; explicitFileType = wrapper.framework; includeInIndex = 0; path = Pods_TotoRan_TotoRanUITests.framework; sourceTree = BUILT_PRODUCTS_DIR; };
		1380D2B33DE221CC2D7FC983 /* Pods-TotoRan-TotoRanUITests.debug.xcconfig */ = {isa = PBXFileReference; includeInIndex = 1; lastKnownFileType = text.xcconfig; name = "Pods-TotoRan-TotoRanUITests.debug.xcconfig"; path = "Target Support Files/Pods-TotoRan-TotoRanUITests/Pods-TotoRan-TotoRanUITests.debug.xcconfig"; sourceTree = "<group>"; };
		17D61C55F0C11C5591358FFF /* Pods-TotoRan.release.xcconfig */ = {isa = PBXFileReference; includeInIndex = 1; lastKnownFileType = text.xcconfig; name = "Pods-TotoRan.release.xcconfig"; path = "Target Support Files/Pods-TotoRan/Pods-TotoRan.release.xcconfig"; sourceTree = "<group>"; };
		17FDC3222641A0E300A9EFAE /* TotoRan.app */ = {isa = PBXFileReference; explicitFileType = wrapper.application; includeInIndex = 0; path = TotoRan.app; sourceTree = BUILT_PRODUCTS_DIR; };
		17FDC3252641A0E300A9EFAE /* AppDelegate.swift */ = {isa = PBXFileReference; lastKnownFileType = sourcecode.swift; path = AppDelegate.swift; sourceTree = "<group>"; };
		17FDC3272641A0E300A9EFAE /* SceneDelegate.swift */ = {isa = PBXFileReference; lastKnownFileType = sourcecode.swift; path = SceneDelegate.swift; sourceTree = "<group>"; };
		17FDC3292641A0E300A9EFAE /* ViewController.swift */ = {isa = PBXFileReference; lastKnownFileType = sourcecode.swift; path = ViewController.swift; sourceTree = "<group>"; };
		17FDC32C2641A0E300A9EFAE /* Base */ = {isa = PBXFileReference; lastKnownFileType = file.storyboard; name = Base; path = Base.lproj/Main.storyboard; sourceTree = "<group>"; };
		17FDC32E2641A0E500A9EFAE /* Assets.xcassets */ = {isa = PBXFileReference; lastKnownFileType = folder.assetcatalog; path = Assets.xcassets; sourceTree = "<group>"; };
		17FDC3312641A0E500A9EFAE /* Base */ = {isa = PBXFileReference; lastKnownFileType = file.storyboard; name = Base; path = Base.lproj/LaunchScreen.storyboard; sourceTree = "<group>"; };
		17FDC3332641A0E500A9EFAE /* Info.plist */ = {isa = PBXFileReference; lastKnownFileType = text.plist.xml; path = Info.plist; sourceTree = "<group>"; };
		17FDC3382641A0E500A9EFAE /* TotoRanTests.xctest */ = {isa = PBXFileReference; explicitFileType = wrapper.cfbundle; includeInIndex = 0; path = TotoRanTests.xctest; sourceTree = BUILT_PRODUCTS_DIR; };
		17FDC33C2641A0E500A9EFAE /* TotoRanTests.swift */ = {isa = PBXFileReference; lastKnownFileType = sourcecode.swift; path = TotoRanTests.swift; sourceTree = "<group>"; };
		17FDC33E2641A0E500A9EFAE /* Info.plist */ = {isa = PBXFileReference; lastKnownFileType = text.plist.xml; path = Info.plist; sourceTree = "<group>"; };
		17FDC3432641A0E500A9EFAE /* TotoRanUITests.xctest */ = {isa = PBXFileReference; explicitFileType = wrapper.cfbundle; includeInIndex = 0; path = TotoRanUITests.xctest; sourceTree = BUILT_PRODUCTS_DIR; };
		17FDC3472641A0E500A9EFAE /* TotoRanUITests.swift */ = {isa = PBXFileReference; lastKnownFileType = sourcecode.swift; path = TotoRanUITests.swift; sourceTree = "<group>"; };
		17FDC3492641A0E500A9EFAE /* Info.plist */ = {isa = PBXFileReference; lastKnownFileType = text.plist.xml; path = Info.plist; sourceTree = "<group>"; };
		537939EA91F1616B9DF30CFF /* Pods_TotoRanTests.framework */ = {isa = PBXFileReference; explicitFileType = wrapper.framework; includeInIndex = 0; path = Pods_TotoRanTests.framework; sourceTree = BUILT_PRODUCTS_DIR; };
		726D672B129C94CAAA534E7C /* Pods_TotoRan.framework */ = {isa = PBXFileReference; explicitFileType = wrapper.framework; includeInIndex = 0; path = Pods_TotoRan.framework; sourceTree = BUILT_PRODUCTS_DIR; };
		D50C86A3E27E17395C3DA8F2 /* Pods-TotoRan-TotoRanUITests.release.xcconfig */ = {isa = PBXFileReference; includeInIndex = 1; lastKnownFileType = text.xcconfig; name = "Pods-TotoRan-TotoRanUITests.release.xcconfig"; path = "Target Support Files/Pods-TotoRan-TotoRanUITests/Pods-TotoRan-TotoRanUITests.release.xcconfig"; sourceTree = "<group>"; };
		D9B017DD0B75970500F12C20 /* Pods-TotoRanTests.debug.xcconfig */ = {isa = PBXFileReference; includeInIndex = 1; lastKnownFileType = text.xcconfig; name = "Pods-TotoRanTests.debug.xcconfig"; path = "Target Support Files/Pods-TotoRanTests/Pods-TotoRanTests.debug.xcconfig"; sourceTree = "<group>"; };
		EE448251539E77BDA920F971 /* Pods-TotoRan.debug.xcconfig */ = {isa = PBXFileReference; includeInIndex = 1; lastKnownFileType = text.xcconfig; name = "Pods-TotoRan.debug.xcconfig"; path = "Target Support Files/Pods-TotoRan/Pods-TotoRan.debug.xcconfig"; sourceTree = "<group>"; };
/* End PBXFileReference section */

/* Begin PBXFrameworksBuildPhase section */
		17FDC31F2641A0E300A9EFAE /* Frameworks */ = {
			isa = PBXFrameworksBuildPhase;
			buildActionMask = 2147483647;
			files = (
				F88C765D783893FB44718835 /* Pods_TotoRan.framework in Frameworks */,
			);
			runOnlyForDeploymentPostprocessing = 0;
		};
		17FDC3352641A0E500A9EFAE /* Frameworks */ = {
			isa = PBXFrameworksBuildPhase;
			buildActionMask = 2147483647;
			files = (
				146FB23DAF7F671D0EDD44EA /* Pods_TotoRanTests.framework in Frameworks */,
			);
			runOnlyForDeploymentPostprocessing = 0;
		};
		17FDC3402641A0E500A9EFAE /* Frameworks */ = {
			isa = PBXFrameworksBuildPhase;
			buildActionMask = 2147483647;
			files = (
				10E9BF8AF8A5B9A5F252293A /* Pods_TotoRan_TotoRanUITests.framework in Frameworks */,
			);
			runOnlyForDeploymentPostprocessing = 0;
		};
/* End PBXFrameworksBuildPhase section */

/* Begin PBXGroup section */
		17FDC3192641A0E300A9EFAE = {
			isa = PBXGroup;
			children = (
				17FDC3242641A0E300A9EFAE /* TotoRan */,
				17FDC33B2641A0E500A9EFAE /* TotoRanTests */,
				17FDC3462641A0E500A9EFAE /* TotoRanUITests */,
				17FDC3232641A0E300A9EFAE /* Products */,
				DFCEC90D7FAA8DDAA303A9D1 /* Pods */,
				A25D0047672CF159A911F199 /* Frameworks */,
			);
			sourceTree = "<group>";
		};
		17FDC3232641A0E300A9EFAE /* Products */ = {
			isa = PBXGroup;
			children = (
				17FDC3222641A0E300A9EFAE /* TotoRan.app */,
				17FDC3382641A0E500A9EFAE /* TotoRanTests.xctest */,
				17FDC3432641A0E500A9EFAE /* TotoRanUITests.xctest */,
			);
			name = Products;
			sourceTree = "<group>";
		};
		17FDC3242641A0E300A9EFAE /* TotoRan */ = {
			isa = PBXGroup;
			children = (
				17FDC3252641A0E300A9EFAE /* AppDelegate.swift */,
				17FDC3272641A0E300A9EFAE /* SceneDelegate.swift */,
				17FDC3292641A0E300A9EFAE /* ViewController.swift */,
				17FDC32B2641A0E300A9EFAE /* Main.storyboard */,
				17FDC32E2641A0E500A9EFAE /* Assets.xcassets */,
				17FDC3302641A0E500A9EFAE /* LaunchScreen.storyboard */,
				17FDC3332641A0E500A9EFAE /* Info.plist */,
			);
			path = TotoRan;
			sourceTree = "<group>";
		};
		17FDC33B2641A0E500A9EFAE /* TotoRanTests */ = {
			isa = PBXGroup;
			children = (
				17FDC33C2641A0E500A9EFAE /* TotoRanTests.swift */,
				17FDC33E2641A0E500A9EFAE /* Info.plist */,
			);
			path = TotoRanTests;
			sourceTree = "<group>";
		};
		17FDC3462641A0E500A9EFAE /* TotoRanUITests */ = {
			isa = PBXGroup;
			children = (
				17FDC3472641A0E500A9EFAE /* TotoRanUITests.swift */,
				17FDC3492641A0E500A9EFAE /* Info.plist */,
			);
			path = TotoRanUITests;
			sourceTree = "<group>";
		};
		A25D0047672CF159A911F199 /* Frameworks */ = {
			isa = PBXGroup;
			children = (
				726D672B129C94CAAA534E7C /* Pods_TotoRan.framework */,
				0DFAC1A2666BB7BA9D44B887 /* Pods_TotoRan_TotoRanUITests.framework */,
				537939EA91F1616B9DF30CFF /* Pods_TotoRanTests.framework */,
			);
			name = Frameworks;
			sourceTree = "<group>";
		};
		DFCEC90D7FAA8DDAA303A9D1 /* Pods */ = {
			isa = PBXGroup;
			children = (
				EE448251539E77BDA920F971 /* Pods-TotoRan.debug.xcconfig */,
				17D61C55F0C11C5591358FFF /* Pods-TotoRan.release.xcconfig */,
				1380D2B33DE221CC2D7FC983 /* Pods-TotoRan-TotoRanUITests.debug.xcconfig */,
				D50C86A3E27E17395C3DA8F2 /* Pods-TotoRan-TotoRanUITests.release.xcconfig */,
				D9B017DD0B75970500F12C20 /* Pods-TotoRanTests.debug.xcconfig */,
				083EADC0A1FFE0082F78C4B2 /* Pods-TotoRanTests.release.xcconfig */,
			);
			path = Pods;
			sourceTree = "<group>";
		};
/* End PBXGroup section */

/* Begin PBXNativeTarget section */
		17FDC3212641A0E300A9EFAE /* TotoRan */ = {
			isa = PBXNativeTarget;
			buildConfigurationList = 17FDC34C2641A0E500A9EFAE /* Build configuration list for PBXNativeTarget "TotoRan" */;
			buildPhases = (
				66D00A7442BBBB6CC40581DD /* [CP] Check Pods Manifest.lock */,
				17FDC31E2641A0E300A9EFAE /* Sources */,
				17FDC31F2641A0E300A9EFAE /* Frameworks */,
				17FDC3202641A0E300A9EFAE /* Resources */,
				2D04BB89ACE34E2E5D8FA144 /* [CP] Embed Pods Frameworks */,
			);
			buildRules = (
			);
			dependencies = (
			);
			name = TotoRan;
			productName = TotoRan;
			productReference = 17FDC3222641A0E300A9EFAE /* TotoRan.app */;
			productType = "com.apple.product-type.application";
		};
		17FDC3372641A0E500A9EFAE /* TotoRanTests */ = {
			isa = PBXNativeTarget;
			buildConfigurationList = 17FDC34F2641A0E500A9EFAE /* Build configuration list for PBXNativeTarget "TotoRanTests" */;
			buildPhases = (
				6974BD820647C874D6110461 /* [CP] Check Pods Manifest.lock */,
				17FDC3342641A0E500A9EFAE /* Sources */,
				17FDC3352641A0E500A9EFAE /* Frameworks */,
				17FDC3362641A0E500A9EFAE /* Resources */,
			);
			buildRules = (
			);
			dependencies = (
				17FDC33A2641A0E500A9EFAE /* PBXTargetDependency */,
			);
			name = TotoRanTests;
			productName = TotoRanTests;
			productReference = 17FDC3382641A0E500A9EFAE /* TotoRanTests.xctest */;
			productType = "com.apple.product-type.bundle.unit-test";
		};
		17FDC3422641A0E500A9EFAE /* TotoRanUITests */ = {
			isa = PBXNativeTarget;
			buildConfigurationList = 17FDC3522641A0E500A9EFAE /* Build configuration list for PBXNativeTarget "TotoRanUITests" */;
			buildPhases = (
				BE48CDEF155028EE0B914FA9 /* [CP] Check Pods Manifest.lock */,
				17FDC33F2641A0E500A9EFAE /* Sources */,
				17FDC3402641A0E500A9EFAE /* Frameworks */,
				17FDC3412641A0E500A9EFAE /* Resources */,
				5D180E3A748AD692E1A087E4 /* [CP] Embed Pods Frameworks */,
			);
			buildRules = (
			);
			dependencies = (
				17FDC3452641A0E500A9EFAE /* PBXTargetDependency */,
			);
			name = TotoRanUITests;
			productName = TotoRanUITests;
			productReference = 17FDC3432641A0E500A9EFAE /* TotoRanUITests.xctest */;
			productType = "com.apple.product-type.bundle.ui-testing";
		};
/* End PBXNativeTarget section */

/* Begin PBXProject section */
		17FDC31A2641A0E300A9EFAE /* Project object */ = {
			isa = PBXProject;
			attributes = {
				LastSwiftUpdateCheck = 1240;
				LastUpgradeCheck = 1240;
				TargetAttributes = {
					17FDC3212641A0E300A9EFAE = {
						CreatedOnToolsVersion = 12.4;
					};
					17FDC3372641A0E500A9EFAE = {
						CreatedOnToolsVersion = 12.4;
						TestTargetID = 17FDC3212641A0E300A9EFAE;
					};
					17FDC3422641A0E500A9EFAE = {
						CreatedOnToolsVersion = 12.4;
						TestTargetID = 17FDC3212641A0E300A9EFAE;
					};
				};
			};
			buildConfigurationList = 17FDC31D2641A0E300A9EFAE /* Build configuration list for PBXProject "TotoRan" */;
			compatibilityVersion = "Xcode 9.3";
			developmentRegion = en;
			hasScannedForEncodings = 0;
			knownRegions = (
				en,
				Base,
			);
			mainGroup = 17FDC3192641A0E300A9EFAE;
			productRefGroup = 17FDC3232641A0E300A9EFAE /* Products */;
			projectDirPath = "";
			projectRoot = "";
			targets = (
				17FDC3212641A0E300A9EFAE /* TotoRan */,
				17FDC3372641A0E500A9EFAE /* TotoRanTests */,
				17FDC3422641A0E500A9EFAE /* TotoRanUITests */,
			);
		};
/* End PBXProject section */

/* Begin PBXResourcesBuildPhase section */
		17FDC3202641A0E300A9EFAE /* Resources */ = {
			isa = PBXResourcesBuildPhase;
			buildActionMask = 2147483647;
			files = (
				17FDC3322641A0E500A9EFAE /* LaunchScreen.storyboard in Resources */,
				17FDC32F2641A0E500A9EFAE /* Assets.xcassets in Resources */,
				17FDC32D2641A0E300A9EFAE /* Main.storyboard in Resources */,
			);
			runOnlyForDeploymentPostprocessing = 0;
		};
		17FDC3362641A0E500A9EFAE /* Resources */ = {
			isa = PBXResourcesBuildPhase;
			buildActionMask = 2147483647;
			files = (
			);
			runOnlyForDeploymentPostprocessing = 0;
		};
		17FDC3412641A0E500A9EFAE /* Resources */ = {
			isa = PBXResourcesBuildPhase;
			buildActionMask = 2147483647;
			files = (
			);
			runOnlyForDeploymentPostprocessing = 0;
		};
/* End PBXResourcesBuildPhase section */

/* Begin PBXShellScriptBuildPhase section */
		2D04BB89ACE34E2E5D8FA144 /* [CP] Embed Pods Frameworks */ = {
			isa = PBXShellScriptBuildPhase;
			buildActionMask = 2147483647;
			files = (
			);
			inputFileListPaths = (
				"${PODS_ROOT}/Target Support Files/Pods-TotoRan/Pods-TotoRan-frameworks-${CONFIGURATION}-input-files.xcfilelist",
			);
			name = "[CP] Embed Pods Frameworks";
			outputFileListPaths = (
				"${PODS_ROOT}/Target Support Files/Pods-TotoRan/Pods-TotoRan-frameworks-${CONFIGURATION}-output-files.xcfilelist",
			);
			runOnlyForDeploymentPostprocessing = 0;
			shellPath = /bin/sh;
			shellScript = "\"${PODS_ROOT}/Target Support Files/Pods-TotoRan/Pods-TotoRan-frameworks.sh\"\n";
			showEnvVarsInLog = 0;
		};
		5D180E3A748AD692E1A087E4 /* [CP] Embed Pods Frameworks */ = {
			isa = PBXShellScriptBuildPhase;
			buildActionMask = 2147483647;
			files = (
			);
			inputFileListPaths = (
				"${PODS_ROOT}/Target Support Files/Pods-TotoRan-TotoRanUITests/Pods-TotoRan-TotoRanUITests-frameworks-${CONFIGURATION}-input-files.xcfilelist",
			);
			name = "[CP] Embed Pods Frameworks";
			outputFileListPaths = (
				"${PODS_ROOT}/Target Support Files/Pods-TotoRan-TotoRanUITests/Pods-TotoRan-TotoRanUITests-frameworks-${CONFIGURATION}-output-files.xcfilelist",
			);
			runOnlyForDeploymentPostprocessing = 0;
			shellPath = /bin/sh;
			shellScript = "\"${PODS_ROOT}/Target Support Files/Pods-TotoRan-TotoRanUITests/Pods-TotoRan-TotoRanUITests-frameworks.sh\"\n";
			showEnvVarsInLog = 0;
		};
		66D00A7442BBBB6CC40581DD /* [CP] Check Pods Manifest.lock */ = {
			isa = PBXShellScriptBuildPhase;
			buildActionMask = 2147483647;
			files = (
			);
			inputFileListPaths = (
			);
			inputPaths = (
				"${PODS_PODFILE_DIR_PATH}/Podfile.lock",
				"${PODS_ROOT}/Manifest.lock",
			);
			name = "[CP] Check Pods Manifest.lock";
			outputFileListPaths = (
			);
			outputPaths = (
				"$(DERIVED_FILE_DIR)/Pods-TotoRan-checkManifestLockResult.txt",
			);
			runOnlyForDeploymentPostprocessing = 0;
			shellPath = /bin/sh;
			shellScript = "diff \"${PODS_PODFILE_DIR_PATH}/Podfile.lock\" \"${PODS_ROOT}/Manifest.lock\" > /dev/null\nif [ $? != 0 ] ; then\n    # print error to STDERR\n    echo \"error: The sandbox is not in sync with the Podfile.lock. Run 'pod install' or update your CocoaPods installation.\" >&2\n    exit 1\nfi\n# This output is used by Xcode 'outputs' to avoid re-running this script phase.\necho \"SUCCESS\" > \"${SCRIPT_OUTPUT_FILE_0}\"\n";
			showEnvVarsInLog = 0;
		};
		6974BD820647C874D6110461 /* [CP] Check Pods Manifest.lock */ = {
			isa = PBXShellScriptBuildPhase;
			buildActionMask = 2147483647;
			files = (
			);
			inputFileListPaths = (
			);
			inputPaths = (
				"${PODS_PODFILE_DIR_PATH}/Podfile.lock",
				"${PODS_ROOT}/Manifest.lock",
			);
			name = "[CP] Check Pods Manifest.lock";
			outputFileListPaths = (
			);
			outputPaths = (
				"$(DERIVED_FILE_DIR)/Pods-TotoRanTests-checkManifestLockResult.txt",
			);
			runOnlyForDeploymentPostprocessing = 0;
			shellPath = /bin/sh;
			shellScript = "diff \"${PODS_PODFILE_DIR_PATH}/Podfile.lock\" \"${PODS_ROOT}/Manifest.lock\" > /dev/null\nif [ $? != 0 ] ; then\n    # print error to STDERR\n    echo \"error: The sandbox is not in sync with the Podfile.lock. Run 'pod install' or update your CocoaPods installation.\" >&2\n    exit 1\nfi\n# This output is used by Xcode 'outputs' to avoid re-running this script phase.\necho \"SUCCESS\" > \"${SCRIPT_OUTPUT_FILE_0}\"\n";
			showEnvVarsInLog = 0;
		};
		BE48CDEF155028EE0B914FA9 /* [CP] Check Pods Manifest.lock */ = {
			isa = PBXShellScriptBuildPhase;
			buildActionMask = 2147483647;
			files = (
			);
			inputFileListPaths = (
			);
			inputPaths = (
				"${PODS_PODFILE_DIR_PATH}/Podfile.lock",
				"${PODS_ROOT}/Manifest.lock",
			);
			name = "[CP] Check Pods Manifest.lock";
			outputFileListPaths = (
			);
			outputPaths = (
				"$(DERIVED_FILE_DIR)/Pods-TotoRan-TotoRanUITests-checkManifestLockResult.txt",
			);
			runOnlyForDeploymentPostprocessing = 0;
			shellPath = /bin/sh;
			shellScript = "diff \"${PODS_PODFILE_DIR_PATH}/Podfile.lock\" \"${PODS_ROOT}/Manifest.lock\" > /dev/null\nif [ $? != 0 ] ; then\n    # print error to STDERR\n    echo \"error: The sandbox is not in sync with the Podfile.lock. Run 'pod install' or update your CocoaPods installation.\" >&2\n    exit 1\nfi\n# This output is used by Xcode 'outputs' to avoid re-running this script phase.\necho \"SUCCESS\" > \"${SCRIPT_OUTPUT_FILE_0}\"\n";
			showEnvVarsInLog = 0;
		};
/* End PBXShellScriptBuildPhase section */

/* Begin PBXSourcesBuildPhase section */
		17FDC31E2641A0E300A9EFAE /* Sources */ = {
			isa = PBXSourcesBuildPhase;
			buildActionMask = 2147483647;
			files = (
				17FDC32A2641A0E300A9EFAE /* ViewController.swift in Sources */,
				17FDC3262641A0E300A9EFAE /* AppDelegate.swift in Sources */,
				17FDC3282641A0E300A9EFAE /* SceneDelegate.swift in Sources */,
			);
			runOnlyForDeploymentPostprocessing = 0;
		};
		17FDC3342641A0E500A9EFAE /* Sources */ = {
			isa = PBXSourcesBuildPhase;
			buildActionMask = 2147483647;
			files = (
				17FDC33D2641A0E500A9EFAE /* TotoRanTests.swift in Sources */,
			);
			runOnlyForDeploymentPostprocessing = 0;
		};
		17FDC33F2641A0E500A9EFAE /* Sources */ = {
			isa = PBXSourcesBuildPhase;
			buildActionMask = 2147483647;
			files = (
				17FDC3482641A0E500A9EFAE /* TotoRanUITests.swift in Sources */,
			);
			runOnlyForDeploymentPostprocessing = 0;
		};
/* End PBXSourcesBuildPhase section */

/* Begin PBXTargetDependency section */
		17FDC33A2641A0E500A9EFAE /* PBXTargetDependency */ = {
			isa = PBXTargetDependency;
			target = 17FDC3212641A0E300A9EFAE /* TotoRan */;
			targetProxy = 17FDC3392641A0E500A9EFAE /* PBXContainerItemProxy */;
		};
		17FDC3452641A0E500A9EFAE /* PBXTargetDependency */ = {
			isa = PBXTargetDependency;
			target = 17FDC3212641A0E300A9EFAE /* TotoRan */;
			targetProxy = 17FDC3442641A0E500A9EFAE /* PBXContainerItemProxy */;
		};
/* End PBXTargetDependency section */

/* Begin PBXVariantGroup section */
		17FDC32B2641A0E300A9EFAE /* Main.storyboard */ = {
			isa = PBXVariantGroup;
			children = (
				17FDC32C2641A0E300A9EFAE /* Base */,
			);
			name = Main.storyboard;
			sourceTree = "<group>";
		};
		17FDC3302641A0E500A9EFAE /* LaunchScreen.storyboard */ = {
			isa = PBXVariantGroup;
			children = (
				17FDC3312641A0E500A9EFAE /* Base */,
			);
			name = LaunchScreen.storyboard;
			sourceTree = "<group>";
		};
/* End PBXVariantGroup section */

/* Begin XCBuildConfiguration section */
		17FDC34A2641A0E500A9EFAE /* Debug */ = {
			isa = XCBuildConfiguration;
			buildSettings = {
				ALWAYS_SEARCH_USER_PATHS = NO;
				CLANG_ANALYZER_NONNULL = YES;
				CLANG_ANALYZER_NUMBER_OBJECT_CONVERSION = YES_AGGRESSIVE;
				CLANG_CXX_LANGUAGE_STANDARD = "gnu++14";
				CLANG_CXX_LIBRARY = "libc++";
				CLANG_ENABLE_MODULES = YES;
				CLANG_ENABLE_OBJC_ARC = YES;
				CLANG_ENABLE_OBJC_WEAK = YES;
				CLANG_WARN_BLOCK_CAPTURE_AUTORELEASING = YES;
				CLANG_WARN_BOOL_CONVERSION = YES;
				CLANG_WARN_COMMA = YES;
				CLANG_WARN_CONSTANT_CONVERSION = YES;
				CLANG_WARN_DEPRECATED_OBJC_IMPLEMENTATIONS = YES;
				CLANG_WARN_DIRECT_OBJC_ISA_USAGE = YES_ERROR;
				CLANG_WARN_DOCUMENTATION_COMMENTS = YES;
				CLANG_WARN_EMPTY_BODY = YES;
				CLANG_WARN_ENUM_CONVERSION = YES;
				CLANG_WARN_INFINITE_RECURSION = YES;
				CLANG_WARN_INT_CONVERSION = YES;
				CLANG_WARN_NON_LITERAL_NULL_CONVERSION = YES;
				CLANG_WARN_OBJC_IMPLICIT_RETAIN_SELF = YES;
				CLANG_WARN_OBJC_LITERAL_CONVERSION = YES;
				CLANG_WARN_OBJC_ROOT_CLASS = YES_ERROR;
				CLANG_WARN_QUOTED_INCLUDE_IN_FRAMEWORK_HEADER = YES;
				CLANG_WARN_RANGE_LOOP_ANALYSIS = YES;
				CLANG_WARN_STRICT_PROTOTYPES = YES;
				CLANG_WARN_SUSPICIOUS_MOVE = YES;
				CLANG_WARN_UNGUARDED_AVAILABILITY = YES_AGGRESSIVE;
				CLANG_WARN_UNREACHABLE_CODE = YES;
				CLANG_WARN__DUPLICATE_METHOD_MATCH = YES;
				COPY_PHASE_STRIP = NO;
				DEBUG_INFORMATION_FORMAT = dwarf;
				ENABLE_STRICT_OBJC_MSGSEND = YES;
				ENABLE_TESTABILITY = YES;
				GCC_C_LANGUAGE_STANDARD = gnu11;
				GCC_DYNAMIC_NO_PIC = NO;
				GCC_NO_COMMON_BLOCKS = YES;
				GCC_OPTIMIZATION_LEVEL = 0;
				GCC_PREPROCESSOR_DEFINITIONS = (
					"DEBUG=1",
					"$(inherited)",
				);
				GCC_WARN_64_TO_32_BIT_CONVERSION = YES;
				GCC_WARN_ABOUT_RETURN_TYPE = YES_ERROR;
				GCC_WARN_UNDECLARED_SELECTOR = YES;
				GCC_WARN_UNINITIALIZED_AUTOS = YES_AGGRESSIVE;
				GCC_WARN_UNUSED_FUNCTION = YES;
				GCC_WARN_UNUSED_VARIABLE = YES;
				IPHONEOS_DEPLOYMENT_TARGET = 14.4;
				MTL_ENABLE_DEBUG_INFO = INCLUDE_SOURCE;
				MTL_FAST_MATH = YES;
				ONLY_ACTIVE_ARCH = YES;
				SDKROOT = iphoneos;
				SWIFT_ACTIVE_COMPILATION_CONDITIONS = DEBUG;
				SWIFT_OPTIMIZATION_LEVEL = "-Onone";
			};
			name = Debug;
		};
		17FDC34B2641A0E500A9EFAE /* Release */ = {
			isa = XCBuildConfiguration;
			buildSettings = {
				ALWAYS_SEARCH_USER_PATHS = NO;
				CLANG_ANALYZER_NONNULL = YES;
				CLANG_ANALYZER_NUMBER_OBJECT_CONVERSION = YES_AGGRESSIVE;
				CLANG_CXX_LANGUAGE_STANDARD = "gnu++14";
				CLANG_CXX_LIBRARY = "libc++";
				CLANG_ENABLE_MODULES = YES;
				CLANG_ENABLE_OBJC_ARC = YES;
				CLANG_ENABLE_OBJC_WEAK = YES;
				CLANG_WARN_BLOCK_CAPTURE_AUTORELEASING = YES;
				CLANG_WARN_BOOL_CONVERSION = YES;
				CLANG_WARN_COMMA = YES;
				CLANG_WARN_CONSTANT_CONVERSION = YES;
				CLANG_WARN_DEPRECATED_OBJC_IMPLEMENTATIONS = YES;
				CLANG_WARN_DIRECT_OBJC_ISA_USAGE = YES_ERROR;
				CLANG_WARN_DOCUMENTATION_COMMENTS = YES;
				CLANG_WARN_EMPTY_BODY = YES;
				CLANG_WARN_ENUM_CONVERSION = YES;
				CLANG_WARN_INFINITE_RECURSION = YES;
				CLANG_WARN_INT_CONVERSION = YES;
				CLANG_WARN_NON_LITERAL_NULL_CONVERSION = YES;
				CLANG_WARN_OBJC_IMPLICIT_RETAIN_SELF = YES;
				CLANG_WARN_OBJC_LITERAL_CONVERSION = YES;
				CLANG_WARN_OBJC_ROOT_CLASS = YES_ERROR;
				CLANG_WARN_QUOTED_INCLUDE_IN_FRAMEWORK_HEADER = YES;
				CLANG_WARN_RANGE_LOOP_ANALYSIS = YES;
				CLANG_WARN_STRICT_PROTOTYPES = YES;
				CLANG_WARN_SUSPICIOUS_MOVE = YES;
				CLANG_WARN_UNGUARDED_AVAILABILITY = YES_AGGRESSIVE;
				CLANG_WARN_UNREACHABLE_CODE = YES;
				CLANG_WARN__DUPLICATE_METHOD_MATCH = YES;
				COPY_PHASE_STRIP = NO;
				DEBUG_INFORMATION_FORMAT = "dwarf-with-dsym";
				ENABLE_NS_ASSERTIONS = NO;
				ENABLE_STRICT_OBJC_MSGSEND = YES;
				GCC_C_LANGUAGE_STANDARD = gnu11;
				GCC_NO_COMMON_BLOCKS = YES;
				GCC_WARN_64_TO_32_BIT_CONVERSION = YES;
				GCC_WARN_ABOUT_RETURN_TYPE = YES_ERROR;
				GCC_WARN_UNDECLARED_SELECTOR = YES;
				GCC_WARN_UNINITIALIZED_AUTOS = YES_AGGRESSIVE;
				GCC_WARN_UNUSED_FUNCTION = YES;
				GCC_WARN_UNUSED_VARIABLE = YES;
				IPHONEOS_DEPLOYMENT_TARGET = 14.4;
				MTL_ENABLE_DEBUG_INFO = NO;
				MTL_FAST_MATH = YES;
				SDKROOT = iphoneos;
				SWIFT_COMPILATION_MODE = wholemodule;
				SWIFT_OPTIMIZATION_LEVEL = "-O";
				VALIDATE_PRODUCT = YES;
			};
			name = Release;
		};
		17FDC34D2641A0E500A9EFAE /* Debug */ = {
			isa = XCBuildConfiguration;
			baseConfigurationReference = EE448251539E77BDA920F971 /* Pods-TotoRan.debug.xcconfig */;
			buildSettings = {
				ASSETCATALOG_COMPILER_APPICON_NAME = AppIcon;
				ASSETCATALOG_COMPILER_GLOBAL_ACCENT_COLOR_NAME = AccentColor;
				CODE_SIGN_STYLE = Automatic;
				DEVELOPMENT_TEAM = 489E83K4WZ;
				INFOPLIST_FILE = TotoRan/Info.plist;
				IPHONEOS_DEPLOYMENT_TARGET = 13.0;
				LD_RUNPATH_SEARCH_PATHS = (
					"$(inherited)",
					"@executable_path/Frameworks",
				);
				PRODUCT_BUNDLE_IDENTIFIER = tei.kosou.TotoRan;
				PRODUCT_NAME = "$(TARGET_NAME)";
				SUPPORTED_PLATFORMS = "iphonesimulator iphoneos";
				SWIFT_VERSION = 5.0;
				TARGETED_DEVICE_FAMILY = "1,2";
			};
			name = Debug;
		};
		17FDC34E2641A0E500A9EFAE /* Release */ = {
			isa = XCBuildConfiguration;
			baseConfigurationReference = 17D61C55F0C11C5591358FFF /* Pods-TotoRan.release.xcconfig */;
			buildSettings = {
				ASSETCATALOG_COMPILER_APPICON_NAME = AppIcon;
				ASSETCATALOG_COMPILER_GLOBAL_ACCENT_COLOR_NAME = AccentColor;
				CODE_SIGN_STYLE = Automatic;
				DEVELOPMENT_TEAM = 489E83K4WZ;
				INFOPLIST_FILE = TotoRan/Info.plist;
				IPHONEOS_DEPLOYMENT_TARGET = 13.0;
				LD_RUNPATH_SEARCH_PATHS = (
					"$(inherited)",
					"@executable_path/Frameworks",
				);
				PRODUCT_BUNDLE_IDENTIFIER = tei.kosou.TotoRan;
				PRODUCT_NAME = "$(TARGET_NAME)";
				SUPPORTED_PLATFORMS = "iphonesimulator iphoneos";
				SWIFT_VERSION = 5.0;
				TARGETED_DEVICE_FAMILY = "1,2";
			};
			name = Release;
		};
		17FDC3502641A0E500A9EFAE /* Debug */ = {
			isa = XCBuildConfiguration;
			baseConfigurationReference = D9B017DD0B75970500F12C20 /* Pods-TotoRanTests.debug.xcconfig */;
			buildSettings = {
				ALWAYS_EMBED_SWIFT_STANDARD_LIBRARIES = "$(inherited)";
				BUNDLE_LOADER = "$(TEST_HOST)";
				CODE_SIGN_STYLE = Automatic;
				INFOPLIST_FILE = TotoRanTests/Info.plist;
				IPHONEOS_DEPLOYMENT_TARGET = 14.4;
				LD_RUNPATH_SEARCH_PATHS = (
					"$(inherited)",
					"@executable_path/Frameworks",
					"@loader_path/Frameworks",
				);
				PRODUCT_BUNDLE_IDENTIFIER = tei.kosou.TotoRanTests;
				PRODUCT_NAME = "$(TARGET_NAME)";
				SWIFT_VERSION = 5.0;
				TARGETED_DEVICE_FAMILY = "1,2";
				TEST_HOST = "$(BUILT_PRODUCTS_DIR)/TotoRan.app/TotoRan";
			};
			name = Debug;
		};
		17FDC3512641A0E500A9EFAE /* Release */ = {
			isa = XCBuildConfiguration;
			baseConfigurationReference = 083EADC0A1FFE0082F78C4B2 /* Pods-TotoRanTests.release.xcconfig */;
			buildSettings = {
				ALWAYS_EMBED_SWIFT_STANDARD_LIBRARIES = "$(inherited)";
				BUNDLE_LOADER = "$(TEST_HOST)";
				CODE_SIGN_STYLE = Automatic;
				INFOPLIST_FILE = TotoRanTests/Info.plist;
				IPHONEOS_DEPLOYMENT_TARGET = 14.4;
				LD_RUNPATH_SEARCH_PATHS = (
					"$(inherited)",
					"@executable_path/Frameworks",
					"@loader_path/Frameworks",
				);
				PRODUCT_BUNDLE_IDENTIFIER = tei.kosou.TotoRanTests;
				PRODUCT_NAME = "$(TARGET_NAME)";
				SWIFT_VERSION = 5.0;
				TARGETED_DEVICE_FAMILY = "1,2";
				TEST_HOST = "$(BUILT_PRODUCTS_DIR)/TotoRan.app/TotoRan";
			};
			name = Release;
		};
		17FDC3532641A0E500A9EFAE /* Debug */ = {
			isa = XCBuildConfiguration;
			baseConfigurationReference = 1380D2B33DE221CC2D7FC983 /* Pods-TotoRan-TotoRanUITests.debug.xcconfig */;
			buildSettings = {
				ALWAYS_EMBED_SWIFT_STANDARD_LIBRARIES = "$(inherited)";
				CODE_SIGN_STYLE = Automatic;
				INFOPLIST_FILE = TotoRanUITests/Info.plist;
				LD_RUNPATH_SEARCH_PATHS = (
					"$(inherited)",
					"@executable_path/Frameworks",
					"@loader_path/Frameworks",
				);
				PRODUCT_BUNDLE_IDENTIFIER = tei.kosou.TotoRanUITests;
				PRODUCT_NAME = "$(TARGET_NAME)";
				SWIFT_VERSION = 5.0;
				TARGETED_DEVICE_FAMILY = "1,2";
				TEST_TARGET_NAME = TotoRan;
			};
			name = Debug;
		};
		17FDC3542641A0E500A9EFAE /* Release */ = {
			isa = XCBuildConfiguration;
			baseConfigurationReference = D50C86A3E27E17395C3DA8F2 /* Pods-TotoRan-TotoRanUITests.release.xcconfig */;
			buildSettings = {
				ALWAYS_EMBED_SWIFT_STANDARD_LIBRARIES = "$(inherited)";
				CODE_SIGN_STYLE = Automatic;
				INFOPLIST_FILE = TotoRanUITests/Info.plist;
				LD_RUNPATH_SEARCH_PATHS = (
					"$(inherited)",
					"@executable_path/Frameworks",
					"@loader_path/Frameworks",
				);
				PRODUCT_BUNDLE_IDENTIFIER = tei.kosou.TotoRanUITests;
				PRODUCT_NAME = "$(TARGET_NAME)";
				SWIFT_VERSION = 5.0;
				TARGETED_DEVICE_FAMILY = "1,2";
				TEST_TARGET_NAME = TotoRan;
			};
			name = Release;
		};
/* End XCBuildConfiguration section */

/* Begin XCConfigurationList section */
		17FDC31D2641A0E300A9EFAE /* Build configuration list for PBXProject "TotoRan" */ = {
			isa = XCConfigurationList;
			buildConfigurations = (
				17FDC34A2641A0E500A9EFAE /* Debug */,
				17FDC34B2641A0E500A9EFAE /* Release */,
			);
			defaultConfigurationIsVisible = 0;
			defaultConfigurationName = Release;
		};
		17FDC34C2641A0E500A9EFAE /* Build configuration list for PBXNativeTarget "TotoRan" */ = {
			isa = XCConfigurationList;
			buildConfigurations = (
				17FDC34D2641A0E500A9EFAE /* Debug */,
				17FDC34E2641A0E500A9EFAE /* Release */,
			);
			defaultConfigurationIsVisible = 0;
			defaultConfigurationName = Release;
		};
		17FDC34F2641A0E500A9EFAE /* Build configuration list for PBXNativeTarget "TotoRanTests" */ = {
			isa = XCConfigurationList;
			buildConfigurations = (
				17FDC3502641A0E500A9EFAE /* Debug */,
				17FDC3512641A0E500A9EFAE /* Release */,
			);
			defaultConfigurationIsVisible = 0;
			defaultConfigurationName = Release;
		};
		17FDC3522641A0E500A9EFAE /* Build configuration list for PBXNativeTarget "TotoRanUITests" */ = {
			isa = XCConfigurationList;
			buildConfigurations = (
				17FDC3532641A0E500A9EFAE /* Debug */,
				17FDC3542641A0E500A9EFAE /* Release */,
			);
			defaultConfigurationIsVisible = 0;
			defaultConfigurationName = Release;
		};
/* End XCConfigurationList section */
	};
	rootObject = 17FDC31A2641A0E300A9EFAE /* Project object */;
}
