// !$*UTF8*$!
{
	archiveVersion = 1;
	classes = {
	};
	objectVersion = 51;
	objects = {

/* Begin PBXBuildFile section */
		146FB23DAF7F671D0EDD44EA /* Pods_TotoRanTests.framework in Frameworks */ = {isa = PBXBuildFile; fileRef = 537939EA91F1616B9DF30CFF /* Pods_TotoRanTests.framework */; };
		170686422653602E0098CA8E /* RateChartViewController.swift in Sources */ = {isa = PBXBuildFile; fileRef = 170686412653602E0098CA8E /* RateChartViewController.swift */; };
		1706867B265379970098CA8E /* RateChartViewPresenter.swift in Sources */ = {isa = PBXBuildFile; fileRef = 1706867A265379970098CA8E /* RateChartViewPresenter.swift */; };
		1706868126537D460098CA8E /* ChartViewData.swift in Sources */ = {isa = PBXBuildFile; fileRef = 1706868026537D460098CA8E /* ChartViewData.swift */; };
		1706868626537DD80098CA8E /* RateChartTableViewData.swift in Sources */ = {isa = PBXBuildFile; fileRef = 1706868526537DD80098CA8E /* RateChartTableViewData.swift */; };
		172D454F265F68A900835E5B /* MultiChoiceSettingViewController.swift in Sources */ = {isa = PBXBuildFile; fileRef = 172D454E265F68A900835E5B /* MultiChoiceSettingViewController.swift */; };
		172D45572662798000835E5B /* ResultViewController.swift in Sources */ = {isa = PBXBuildFile; fileRef = 172D45562662798000835E5B /* ResultViewController.swift */; };
		172D455C26627AEC00835E5B /* ResultViewPresenter.swift in Sources */ = {isa = PBXBuildFile; fileRef = 172D455B26627AEC00835E5B /* ResultViewPresenter.swift */; };
		172D45EE266613C300835E5B /* JudgeResultViewController.swift in Sources */ = {isa = PBXBuildFile; fileRef = 172D45ED266613C300835E5B /* JudgeResultViewController.swift */; };
		172D45F32666173600835E5B /* JudgeResultViewPresenter.swift in Sources */ = {isa = PBXBuildFile; fileRef = 172D45F22666173600835E5B /* JudgeResultViewPresenter.swift */; };
		172D47B52671E85D00835E5B /* Domain.framework in Frameworks */ = {isa = PBXBuildFile; fileRef = 172D47AC2671E85D00835E5B /* Domain.framework */; };
		172D47BC2671E85D00835E5B /* DomainTests.swift in Sources */ = {isa = PBXBuildFile; fileRef = 172D47BB2671E85D00835E5B /* DomainTests.swift */; };
		172D47C12671E85D00835E5B /* Domain.framework in Frameworks */ = {isa = PBXBuildFile; fileRef = 172D47AC2671E85D00835E5B /* Domain.framework */; };
		172D47C22671E85D00835E5B /* Domain.framework in Embed Frameworks */ = {isa = PBXBuildFile; fileRef = 172D47AC2671E85D00835E5B /* Domain.framework */; settings = {ATTRIBUTES = (CodeSignOnCopy, RemoveHeadersOnCopy, ); }; };
		172D47DC2671E8A900835E5B /* Held.swift in Sources */ = {isa = PBXBuildFile; fileRef = 1771B5F92648FC68007920E2 /* Held.swift */; };
		172D47E12671E8AE00835E5B /* Frame.swift in Sources */ = {isa = PBXBuildFile; fileRef = 1771B60126490551007920E2 /* Frame.swift */; };
		172D47E62671E8B300835E5B /* Rate.swift in Sources */ = {isa = PBXBuildFile; fileRef = 17F75757264A191C009C9AC5 /* Rate.swift */; };
		172D47EB2671E8B800835E5B /* ChoiceData.swift in Sources */ = {isa = PBXBuildFile; fileRef = 1741E0B5265A76A500BD1588 /* ChoiceData.swift */; };
		172D47F02671E8BE00835E5B /* ResultChoiceData.swift in Sources */ = {isa = PBXBuildFile; fileRef = 172D4560266353C400835E5B /* ResultChoiceData.swift */; };
		172D47F52671E8C300835E5B /* Judge.swift in Sources */ = {isa = PBXBuildFile; fileRef = 172D466526662CB900835E5B /* Judge.swift */; };
		172D47FA2671E8CC00835E5B /* TotoDataRepository.swift in Sources */ = {isa = PBXBuildFile; fileRef = 17F75780264CDE2C009C9AC5 /* TotoDataRepository.swift */; };
		172D47FF2671E8D300835E5B /* DataHandleUseCase.swift in Sources */ = {isa = PBXBuildFile; fileRef = 17B638F7264E123B00A0D0AF /* DataHandleUseCase.swift */; };
		172D48042671E8D900835E5B /* DataHandleUseCaseImpl.swift in Sources */ = {isa = PBXBuildFile; fileRef = 17B638F2264E120000A0D0AF /* DataHandleUseCaseImpl.swift */; };
		172D48852672157A00835E5B /* Infra.framework in Frameworks */ = {isa = PBXBuildFile; fileRef = 172D487C2672157900835E5B /* Infra.framework */; };
		172D488C2672157A00835E5B /* InfraTests.swift in Sources */ = {isa = PBXBuildFile; fileRef = 172D488B2672157A00835E5B /* InfraTests.swift */; };
		172D48912672157A00835E5B /* Infra.framework in Frameworks */ = {isa = PBXBuildFile; fileRef = 172D487C2672157900835E5B /* Infra.framework */; };
		172D48922672157A00835E5B /* Infra.framework in Embed Frameworks */ = {isa = PBXBuildFile; fileRef = 172D487C2672157900835E5B /* Infra.framework */; settings = {ATTRIBUTES = (CodeSignOnCopy, RemoveHeadersOnCopy, ); }; };
		172D48CB2672162D00835E5B /* HeldMapper.swift in Sources */ = {isa = PBXBuildFile; fileRef = 17B638CB264D5FBE00A0D0AF /* HeldMapper.swift */; };
		172D48D82672163200835E5B /* HeldDetailMapper.swift in Sources */ = {isa = PBXBuildFile; fileRef = 17B638D0264D613400A0D0AF /* HeldDetailMapper.swift */; };
		172D48E52672163700835E5B /* TotoRateMapper.swift in Sources */ = {isa = PBXBuildFile; fileRef = 17B638D5264D622B00A0D0AF /* TotoRateMapper.swift */; };
		172D48F22672163D00835E5B /* BookRateMapper.swift in Sources */ = {isa = PBXBuildFile; fileRef = 17B638DA264D630500A0D0AF /* BookRateMapper.swift */; };
		172D48FF2672164400835E5B /* RepositoryProvider.swift in Sources */ = {isa = PBXBuildFile; fileRef = 17B638E7264E0C0700A0D0AF /* RepositoryProvider.swift */; };
		172D490C2672164900835E5B /* TotoDataRepositoryImpl.swift in Sources */ = {isa = PBXBuildFile; fileRef = 179321702641B9BB00418225 /* TotoDataRepositoryImpl.swift */; };
		172D49132672164F00835E5B /* RemoteDataSource.swift in Sources */ = {isa = PBXBuildFile; fileRef = 17F75772264CCE57009C9AC5 /* RemoteDataSource.swift */; };
		172D49202672165300835E5B /* LocalDataSource.swift in Sources */ = {isa = PBXBuildFile; fileRef = 17F7577A264CCE95009C9AC5 /* LocalDataSource.swift */; };
		1741E0A3265948E000BD1588 /* ClearChoiceViewCell.swift in Sources */ = {isa = PBXBuildFile; fileRef = 1741E0A2265948E000BD1588 /* ClearChoiceViewCell.swift */; };
		1741E0A82659490000BD1588 /* TransitionButtonViewCell.swift in Sources */ = {isa = PBXBuildFile; fileRef = 1741E0A72659490000BD1588 /* TransitionButtonViewCell.swift */; };
		17B6390B264E19A500A0D0AF /* InitialViewPresenter.swift in Sources */ = {isa = PBXBuildFile; fileRef = 17B6390A264E19A500A0D0AF /* InitialViewPresenter.swift */; };
		17B63917264FEF5200A0D0AF /* PresenterBuilder.swift in Sources */ = {isa = PBXBuildFile; fileRef = 17B63916264FEF5200A0D0AF /* PresenterBuilder.swift */; };
		17BA274C265CF8C50028CB42 /* CloseButtonViewCell.swift in Sources */ = {isa = PBXBuildFile; fileRef = 17BA274B265CF8C50028CB42 /* CloseButtonViewCell.swift */; };
		17E680182655FF3E004E5AEA /* ChoiceViewController.swift in Sources */ = {isa = PBXBuildFile; fileRef = 17E680172655FF3E004E5AEA /* ChoiceViewController.swift */; };
		17E6801D265687AB004E5AEA /* ChoiceViewPresenter.swift in Sources */ = {isa = PBXBuildFile; fileRef = 17E6801C265687AB004E5AEA /* ChoiceViewPresenter.swift */; };
		17E68024265693A1004E5AEA /* ChoiceViewData.swift in Sources */ = {isa = PBXBuildFile; fileRef = 17E68023265693A1004E5AEA /* ChoiceViewData.swift */; };
		17E6802C265754D8004E5AEA /* ChoiceTableViewData.swift in Sources */ = {isa = PBXBuildFile; fileRef = 17E6802B265754D8004E5AEA /* ChoiceTableViewData.swift */; };
		17E680322658CADC004E5AEA /* ChoiceViewCell.swift in Sources */ = {isa = PBXBuildFile; fileRef = 17E680312658CADC004E5AEA /* ChoiceViewCell.swift */; };
		17FDC3262641A0E300A9EFAE /* AppDelegate.swift in Sources */ = {isa = PBXBuildFile; fileRef = 17FDC3252641A0E300A9EFAE /* AppDelegate.swift */; };
		17FDC3282641A0E300A9EFAE /* SceneDelegate.swift in Sources */ = {isa = PBXBuildFile; fileRef = 17FDC3272641A0E300A9EFAE /* SceneDelegate.swift */; };
		17FDC32A2641A0E300A9EFAE /* InitialViewController.swift in Sources */ = {isa = PBXBuildFile; fileRef = 17FDC3292641A0E300A9EFAE /* InitialViewController.swift */; };
		17FDC32D2641A0E300A9EFAE /* Main.storyboard in Resources */ = {isa = PBXBuildFile; fileRef = 17FDC32B2641A0E300A9EFAE /* Main.storyboard */; };
		17FDC32F2641A0E500A9EFAE /* Assets.xcassets in Resources */ = {isa = PBXBuildFile; fileRef = 17FDC32E2641A0E500A9EFAE /* Assets.xcassets */; };
		17FDC3322641A0E500A9EFAE /* LaunchScreen.storyboard in Resources */ = {isa = PBXBuildFile; fileRef = 17FDC3302641A0E500A9EFAE /* LaunchScreen.storyboard */; };
		17FDC33D2641A0E500A9EFAE /* TotoRanTests.swift in Sources */ = {isa = PBXBuildFile; fileRef = 17FDC33C2641A0E500A9EFAE /* TotoRanTests.swift */; };
		17FDC3482641A0E500A9EFAE /* TotoRanUITests.swift in Sources */ = {isa = PBXBuildFile; fileRef = 17FDC3472641A0E500A9EFAE /* TotoRanUITests.swift */; };
		2319E65B13425F4260EB91D4 /* Pods_Infra_Domain.framework in Frameworks */ = {isa = PBXBuildFile; fileRef = 332DC03E25FE5D9F82DF12E1 /* Pods_Infra_Domain.framework */; };
		370417BA79B19D701C4C5236 /* Pods_Infra.framework in Frameworks */ = {isa = PBXBuildFile; fileRef = 14BA896D6EFB846329CC76A7 /* Pods_Infra.framework */; };
		5C2859E892197DA4DBB3899F /* Pods_TotoRanUITests.framework in Frameworks */ = {isa = PBXBuildFile; fileRef = E80BBA826EB8511D1A87CA4A /* Pods_TotoRanUITests.framework */; };
		7361429BDBEFA44C64B69EDF /* Pods_Infra_TotoRan.framework in Frameworks */ = {isa = PBXBuildFile; fileRef = B7010F1104C1C725297B8A32 /* Pods_Infra_TotoRan.framework */; };
/* End PBXBuildFile section */

/* Begin PBXContainerItemProxy section */
		172D47B62671E85D00835E5B /* PBXContainerItemProxy */ = {
			isa = PBXContainerItemProxy;
			containerPortal = 17FDC31A2641A0E300A9EFAE /* Project object */;
			proxyType = 1;
			remoteGlobalIDString = 172D47AB2671E85D00835E5B;
			remoteInfo = Domain;
		};
		172D47B82671E85D00835E5B /* PBXContainerItemProxy */ = {
			isa = PBXContainerItemProxy;
			containerPortal = 17FDC31A2641A0E300A9EFAE /* Project object */;
			proxyType = 1;
			remoteGlobalIDString = 17FDC3212641A0E300A9EFAE;
			remoteInfo = TotoRan;
		};
		172D47BF2671E85D00835E5B /* PBXContainerItemProxy */ = {
			isa = PBXContainerItemProxy;
			containerPortal = 17FDC31A2641A0E300A9EFAE /* Project object */;
			proxyType = 1;
			remoteGlobalIDString = 172D47AB2671E85D00835E5B;
			remoteInfo = Domain;
		};
		172D48862672157A00835E5B /* PBXContainerItemProxy */ = {
			isa = PBXContainerItemProxy;
			containerPortal = 17FDC31A2641A0E300A9EFAE /* Project object */;
			proxyType = 1;
			remoteGlobalIDString = 172D487B2672157900835E5B;
			remoteInfo = Infra;
		};
		172D48882672157A00835E5B /* PBXContainerItemProxy */ = {
			isa = PBXContainerItemProxy;
			containerPortal = 17FDC31A2641A0E300A9EFAE /* Project object */;
			proxyType = 1;
			remoteGlobalIDString = 17FDC3212641A0E300A9EFAE;
			remoteInfo = TotoRan;
		};
		172D488F2672157A00835E5B /* PBXContainerItemProxy */ = {
			isa = PBXContainerItemProxy;
			containerPortal = 17FDC31A2641A0E300A9EFAE /* Project object */;
			proxyType = 1;
			remoteGlobalIDString = 172D487B2672157900835E5B;
			remoteInfo = Infra;
		};
		172D49932672180E00835E5B /* PBXContainerItemProxy */ = {
			isa = PBXContainerItemProxy;
			containerPortal = 17FDC31A2641A0E300A9EFAE /* Project object */;
			proxyType = 1;
			remoteGlobalIDString = 172D47AB2671E85D00835E5B;
			remoteInfo = Domain;
		};
		17FDC3392641A0E500A9EFAE /* PBXContainerItemProxy */ = {
			isa = PBXContainerItemProxy;
			containerPortal = 17FDC31A2641A0E300A9EFAE /* Project object */;
			proxyType = 1;
			remoteGlobalIDString = 17FDC3212641A0E300A9EFAE;
			remoteInfo = TotoRan;
		};
		17FDC3442641A0E500A9EFAE /* PBXContainerItemProxy */ = {
			isa = PBXContainerItemProxy;
			containerPortal = 17FDC31A2641A0E300A9EFAE /* Project object */;
			proxyType = 1;
			remoteGlobalIDString = 17FDC3212641A0E300A9EFAE;
			remoteInfo = TotoRan;
		};
/* End PBXContainerItemProxy section */

/* Begin PBXCopyFilesBuildPhase section */
		172D47C32671E85D00835E5B /* Embed Frameworks */ = {
			isa = PBXCopyFilesBuildPhase;
			buildActionMask = 2147483647;
			dstPath = "";
			dstSubfolderSpec = 10;
			files = (
				172D47C22671E85D00835E5B /* Domain.framework in Embed Frameworks */,
				172D48922672157A00835E5B /* Infra.framework in Embed Frameworks */,
			);
			name = "Embed Frameworks";
			runOnlyForDeploymentPostprocessing = 0;
		};
/* End PBXCopyFilesBuildPhase section */

/* Begin PBXFileReference section */
		083EADC0A1FFE0082F78C4B2 /* Pods-TotoRanTests.release.xcconfig */ = {isa = PBXFileReference; includeInIndex = 1; lastKnownFileType = text.xcconfig; name = "Pods-TotoRanTests.release.xcconfig"; path = "Target Support Files/Pods-TotoRanTests/Pods-TotoRanTests.release.xcconfig"; sourceTree = "<group>"; };
		1380D2B33DE221CC2D7FC983 /* Pods-TotoRan-TotoRanUITests.debug.xcconfig */ = {isa = PBXFileReference; includeInIndex = 1; lastKnownFileType = text.xcconfig; name = "Pods-TotoRan-TotoRanUITests.debug.xcconfig"; path = "Target Support Files/Pods-TotoRan-TotoRanUITests/Pods-TotoRan-TotoRanUITests.debug.xcconfig"; sourceTree = "<group>"; };
		14BA896D6EFB846329CC76A7 /* Pods_Infra.framework */ = {isa = PBXFileReference; explicitFileType = wrapper.framework; includeInIndex = 0; path = Pods_Infra.framework; sourceTree = BUILT_PRODUCTS_DIR; };
		170686412653602E0098CA8E /* RateChartViewController.swift */ = {isa = PBXFileReference; lastKnownFileType = sourcecode.swift; path = RateChartViewController.swift; sourceTree = "<group>"; };
		1706867A265379970098CA8E /* RateChartViewPresenter.swift */ = {isa = PBXFileReference; lastKnownFileType = sourcecode.swift; path = RateChartViewPresenter.swift; sourceTree = "<group>"; };
		1706868026537D460098CA8E /* ChartViewData.swift */ = {isa = PBXFileReference; lastKnownFileType = sourcecode.swift; path = ChartViewData.swift; sourceTree = "<group>"; };
		1706868526537DD80098CA8E /* RateChartTableViewData.swift */ = {isa = PBXFileReference; lastKnownFileType = sourcecode.swift; path = RateChartTableViewData.swift; sourceTree = "<group>"; };
		172D454E265F68A900835E5B /* MultiChoiceSettingViewController.swift */ = {isa = PBXFileReference; lastKnownFileType = sourcecode.swift; path = MultiChoiceSettingViewController.swift; sourceTree = "<group>"; };
		172D45562662798000835E5B /* ResultViewController.swift */ = {isa = PBXFileReference; lastKnownFileType = sourcecode.swift; path = ResultViewController.swift; sourceTree = "<group>"; };
		172D455B26627AEC00835E5B /* ResultViewPresenter.swift */ = {isa = PBXFileReference; lastKnownFileType = sourcecode.swift; path = ResultViewPresenter.swift; sourceTree = "<group>"; };
		172D4560266353C400835E5B /* ResultChoiceData.swift */ = {isa = PBXFileReference; lastKnownFileType = sourcecode.swift; path = ResultChoiceData.swift; sourceTree = "<group>"; };
		172D45ED266613C300835E5B /* JudgeResultViewController.swift */ = {isa = PBXFileReference; lastKnownFileType = sourcecode.swift; path = JudgeResultViewController.swift; sourceTree = "<group>"; };
		172D45F22666173600835E5B /* JudgeResultViewPresenter.swift */ = {isa = PBXFileReference; lastKnownFileType = sourcecode.swift; path = JudgeResultViewPresenter.swift; sourceTree = "<group>"; };
		172D466526662CB900835E5B /* Judge.swift */ = {isa = PBXFileReference; lastKnownFileType = sourcecode.swift; path = Judge.swift; sourceTree = "<group>"; };
		172D47AC2671E85D00835E5B /* Domain.framework */ = {isa = PBXFileReference; explicitFileType = wrapper.framework; includeInIndex = 0; path = Domain.framework; sourceTree = BUILT_PRODUCTS_DIR; };
		172D47AE2671E85D00835E5B /* Domain.h */ = {isa = PBXFileReference; lastKnownFileType = sourcecode.c.h; path = Domain.h; sourceTree = "<group>"; };
		172D47AF2671E85D00835E5B /* Info.plist */ = {isa = PBXFileReference; lastKnownFileType = text.plist.xml; path = Info.plist; sourceTree = "<group>"; };
		172D47B42671E85D00835E5B /* DomainTests.xctest */ = {isa = PBXFileReference; explicitFileType = wrapper.cfbundle; includeInIndex = 0; path = DomainTests.xctest; sourceTree = BUILT_PRODUCTS_DIR; };
		172D47BB2671E85D00835E5B /* DomainTests.swift */ = {isa = PBXFileReference; lastKnownFileType = sourcecode.swift; path = DomainTests.swift; sourceTree = "<group>"; };
		172D47BD2671E85D00835E5B /* Info.plist */ = {isa = PBXFileReference; lastKnownFileType = text.plist.xml; path = Info.plist; sourceTree = "<group>"; };
		172D487C2672157900835E5B /* Infra.framework */ = {isa = PBXFileReference; explicitFileType = wrapper.framework; includeInIndex = 0; path = Infra.framework; sourceTree = BUILT_PRODUCTS_DIR; };
		172D487E2672157A00835E5B /* Infra.h */ = {isa = PBXFileReference; lastKnownFileType = sourcecode.c.h; path = Infra.h; sourceTree = "<group>"; };
		172D487F2672157A00835E5B /* Info.plist */ = {isa = PBXFileReference; lastKnownFileType = text.plist.xml; path = Info.plist; sourceTree = "<group>"; };
		172D48842672157A00835E5B /* InfraTests.xctest */ = {isa = PBXFileReference; explicitFileType = wrapper.cfbundle; includeInIndex = 0; path = InfraTests.xctest; sourceTree = BUILT_PRODUCTS_DIR; };
		172D488B2672157A00835E5B /* InfraTests.swift */ = {isa = PBXFileReference; lastKnownFileType = sourcecode.swift; path = InfraTests.swift; sourceTree = "<group>"; };
		172D488D2672157A00835E5B /* Info.plist */ = {isa = PBXFileReference; lastKnownFileType = text.plist.xml; path = Info.plist; sourceTree = "<group>"; };
		1741E0A2265948E000BD1588 /* ClearChoiceViewCell.swift */ = {isa = PBXFileReference; lastKnownFileType = sourcecode.swift; path = ClearChoiceViewCell.swift; sourceTree = "<group>"; };
		1741E0A72659490000BD1588 /* TransitionButtonViewCell.swift */ = {isa = PBXFileReference; lastKnownFileType = sourcecode.swift; path = TransitionButtonViewCell.swift; sourceTree = "<group>"; };
		1741E0B5265A76A500BD1588 /* ChoiceData.swift */ = {isa = PBXFileReference; lastKnownFileType = sourcecode.swift; path = ChoiceData.swift; sourceTree = "<group>"; };
		1771B5F92648FC68007920E2 /* Held.swift */ = {isa = PBXFileReference; lastKnownFileType = sourcecode.swift; path = Held.swift; sourceTree = "<group>"; };
		1771B60126490551007920E2 /* Frame.swift */ = {isa = PBXFileReference; lastKnownFileType = sourcecode.swift; path = Frame.swift; sourceTree = "<group>"; };
		179321702641B9BB00418225 /* TotoDataRepositoryImpl.swift */ = {isa = PBXFileReference; lastKnownFileType = sourcecode.swift; path = TotoDataRepositoryImpl.swift; sourceTree = "<group>"; };
		17B638CB264D5FBE00A0D0AF /* HeldMapper.swift */ = {isa = PBXFileReference; lastKnownFileType = sourcecode.swift; path = HeldMapper.swift; sourceTree = "<group>"; };
		17B638D0264D613400A0D0AF /* HeldDetailMapper.swift */ = {isa = PBXFileReference; lastKnownFileType = sourcecode.swift; path = HeldDetailMapper.swift; sourceTree = "<group>"; };
		17B638D5264D622B00A0D0AF /* TotoRateMapper.swift */ = {isa = PBXFileReference; lastKnownFileType = sourcecode.swift; path = TotoRateMapper.swift; sourceTree = "<group>"; };
		17B638DA264D630500A0D0AF /* BookRateMapper.swift */ = {isa = PBXFileReference; lastKnownFileType = sourcecode.swift; path = BookRateMapper.swift; sourceTree = "<group>"; };
		17B638E7264E0C0700A0D0AF /* RepositoryProvider.swift */ = {isa = PBXFileReference; lastKnownFileType = sourcecode.swift; path = RepositoryProvider.swift; sourceTree = "<group>"; };
		17B638F2264E120000A0D0AF /* DataHandleUseCaseImpl.swift */ = {isa = PBXFileReference; lastKnownFileType = sourcecode.swift; path = DataHandleUseCaseImpl.swift; sourceTree = "<group>"; };
		17B638F7264E123B00A0D0AF /* DataHandleUseCase.swift */ = {isa = PBXFileReference; lastKnownFileType = sourcecode.swift; path = DataHandleUseCase.swift; sourceTree = "<group>"; };
		17B6390A264E19A500A0D0AF /* InitialViewPresenter.swift */ = {isa = PBXFileReference; lastKnownFileType = sourcecode.swift; path = InitialViewPresenter.swift; sourceTree = "<group>"; };
		17B63916264FEF5200A0D0AF /* PresenterBuilder.swift */ = {isa = PBXFileReference; lastKnownFileType = sourcecode.swift; path = PresenterBuilder.swift; sourceTree = "<group>"; };
		17B6789F375863A47DB4B29F /* Pods-Infra-Domain.release.xcconfig */ = {isa = PBXFileReference; includeInIndex = 1; lastKnownFileType = text.xcconfig; name = "Pods-Infra-Domain.release.xcconfig"; path = "Target Support Files/Pods-Infra-Domain/Pods-Infra-Domain.release.xcconfig"; sourceTree = "<group>"; };
		17BA274B265CF8C50028CB42 /* CloseButtonViewCell.swift */ = {isa = PBXFileReference; lastKnownFileType = sourcecode.swift; path = CloseButtonViewCell.swift; sourceTree = "<group>"; };
		17D61C55F0C11C5591358FFF /* Pods-TotoRan.release.xcconfig */ = {isa = PBXFileReference; includeInIndex = 1; lastKnownFileType = text.xcconfig; name = "Pods-TotoRan.release.xcconfig"; path = "Target Support Files/Pods-TotoRan/Pods-TotoRan.release.xcconfig"; sourceTree = "<group>"; };
		17E680172655FF3E004E5AEA /* ChoiceViewController.swift */ = {isa = PBXFileReference; lastKnownFileType = sourcecode.swift; path = ChoiceViewController.swift; sourceTree = "<group>"; };
		17E6801C265687AB004E5AEA /* ChoiceViewPresenter.swift */ = {isa = PBXFileReference; lastKnownFileType = sourcecode.swift; path = ChoiceViewPresenter.swift; sourceTree = "<group>"; };
		17E68023265693A1004E5AEA /* ChoiceViewData.swift */ = {isa = PBXFileReference; lastKnownFileType = sourcecode.swift; path = ChoiceViewData.swift; sourceTree = "<group>"; };
		17E6802B265754D8004E5AEA /* ChoiceTableViewData.swift */ = {isa = PBXFileReference; lastKnownFileType = sourcecode.swift; path = ChoiceTableViewData.swift; sourceTree = "<group>"; };
		17E680312658CADC004E5AEA /* ChoiceViewCell.swift */ = {isa = PBXFileReference; lastKnownFileType = sourcecode.swift; path = ChoiceViewCell.swift; sourceTree = "<group>"; };
		17F75757264A191C009C9AC5 /* Rate.swift */ = {isa = PBXFileReference; lastKnownFileType = sourcecode.swift; path = Rate.swift; sourceTree = "<group>"; };
		17F75772264CCE57009C9AC5 /* RemoteDataSource.swift */ = {isa = PBXFileReference; lastKnownFileType = sourcecode.swift; path = RemoteDataSource.swift; sourceTree = "<group>"; };
		17F7577A264CCE95009C9AC5 /* LocalDataSource.swift */ = {isa = PBXFileReference; lastKnownFileType = sourcecode.swift; path = LocalDataSource.swift; sourceTree = "<group>"; };
		17F75780264CDE2C009C9AC5 /* TotoDataRepository.swift */ = {isa = PBXFileReference; lastKnownFileType = sourcecode.swift; path = TotoDataRepository.swift; sourceTree = "<group>"; };
		17FDC3222641A0E300A9EFAE /* TotoRan.app */ = {isa = PBXFileReference; explicitFileType = wrapper.application; includeInIndex = 0; path = TotoRan.app; sourceTree = BUILT_PRODUCTS_DIR; };
		17FDC3252641A0E300A9EFAE /* AppDelegate.swift */ = {isa = PBXFileReference; lastKnownFileType = sourcecode.swift; path = AppDelegate.swift; sourceTree = "<group>"; };
		17FDC3272641A0E300A9EFAE /* SceneDelegate.swift */ = {isa = PBXFileReference; lastKnownFileType = sourcecode.swift; path = SceneDelegate.swift; sourceTree = "<group>"; };
		17FDC3292641A0E300A9EFAE /* InitialViewController.swift */ = {isa = PBXFileReference; lastKnownFileType = sourcecode.swift; path = InitialViewController.swift; sourceTree = "<group>"; };
		17FDC32C2641A0E300A9EFAE /* Base */ = {isa = PBXFileReference; lastKnownFileType = file.storyboard; name = Base; path = Base.lproj/Main.storyboard; sourceTree = "<group>"; };
		17FDC32E2641A0E500A9EFAE /* Assets.xcassets */ = {isa = PBXFileReference; lastKnownFileType = folder.assetcatalog; path = Assets.xcassets; sourceTree = "<group>"; };
		17FDC3312641A0E500A9EFAE /* Base */ = {isa = PBXFileReference; lastKnownFileType = file.storyboard; name = Base; path = Base.lproj/LaunchScreen.storyboard; sourceTree = "<group>"; };
		17FDC3332641A0E500A9EFAE /* Info.plist */ = {isa = PBXFileReference; lastKnownFileType = text.plist.xml; path = Info.plist; sourceTree = "<group>"; };
		17FDC3382641A0E500A9EFAE /* TotoRanTests.xctest */ = {isa = PBXFileReference; explicitFileType = wrapper.cfbundle; includeInIndex = 0; path = TotoRanTests.xctest; sourceTree = BUILT_PRODUCTS_DIR; };
		17FDC33C2641A0E500A9EFAE /* TotoRanTests.swift */ = {isa = PBXFileReference; lastKnownFileType = sourcecode.swift; path = TotoRanTests.swift; sourceTree = "<group>"; };
		17FDC33E2641A0E500A9EFAE /* Info.plist */ = {isa = PBXFileReference; lastKnownFileType = text.plist.xml; path = Info.plist; sourceTree = "<group>"; };
		17FDC3432641A0E500A9EFAE /* TotoRanUITests.xctest */ = {isa = PBXFileReference; explicitFileType = wrapper.cfbundle; includeInIndex = 0; path = TotoRanUITests.xctest; sourceTree = BUILT_PRODUCTS_DIR; };
		17FDC3472641A0E500A9EFAE /* TotoRanUITests.swift */ = {isa = PBXFileReference; lastKnownFileType = sourcecode.swift; path = TotoRanUITests.swift; sourceTree = "<group>"; };
		17FDC3492641A0E500A9EFAE /* Info.plist */ = {isa = PBXFileReference; lastKnownFileType = text.plist.xml; path = Info.plist; sourceTree = "<group>"; };
		1B9D3A66B1BB06A8F219EF5A /* Pods-Infra-TotoRan.debug.xcconfig */ = {isa = PBXFileReference; includeInIndex = 1; lastKnownFileType = text.xcconfig; name = "Pods-Infra-TotoRan.debug.xcconfig"; path = "Target Support Files/Pods-Infra-TotoRan/Pods-Infra-TotoRan.debug.xcconfig"; sourceTree = "<group>"; };
		1D4CAA3CCE1B63E50A183149 /* Pods-Domain.release.xcconfig */ = {isa = PBXFileReference; includeInIndex = 1; lastKnownFileType = text.xcconfig; name = "Pods-Domain.release.xcconfig"; path = "Target Support Files/Pods-Domain/Pods-Domain.release.xcconfig"; sourceTree = "<group>"; };
		1EB40EC314EE258C12515CF4 /* Pods-TotoRanUITests.debug.xcconfig */ = {isa = PBXFileReference; includeInIndex = 1; lastKnownFileType = text.xcconfig; name = "Pods-TotoRanUITests.debug.xcconfig"; path = "Target Support Files/Pods-TotoRanUITests/Pods-TotoRanUITests.debug.xcconfig"; sourceTree = "<group>"; };
		2C140D79F9CBD428F61448D3 /* Pods-Domain.debug.xcconfig */ = {isa = PBXFileReference; includeInIndex = 1; lastKnownFileType = text.xcconfig; name = "Pods-Domain.debug.xcconfig"; path = "Target Support Files/Pods-Domain/Pods-Domain.debug.xcconfig"; sourceTree = "<group>"; };
		332DC03E25FE5D9F82DF12E1 /* Pods_Infra_Domain.framework */ = {isa = PBXFileReference; explicitFileType = wrapper.framework; includeInIndex = 0; path = Pods_Infra_Domain.framework; sourceTree = BUILT_PRODUCTS_DIR; };
		537939EA91F1616B9DF30CFF /* Pods_TotoRanTests.framework */ = {isa = PBXFileReference; explicitFileType = wrapper.framework; includeInIndex = 0; path = Pods_TotoRanTests.framework; sourceTree = BUILT_PRODUCTS_DIR; };
		537975C58894AC2B74128B92 /* Pods-Infra-TotoRan.release.xcconfig */ = {isa = PBXFileReference; includeInIndex = 1; lastKnownFileType = text.xcconfig; name = "Pods-Infra-TotoRan.release.xcconfig"; path = "Target Support Files/Pods-Infra-TotoRan/Pods-Infra-TotoRan.release.xcconfig"; sourceTree = "<group>"; };
		65D26B4EFC8B478A32A7E728 /* Pods-TotoRanUITests.release.xcconfig */ = {isa = PBXFileReference; includeInIndex = 1; lastKnownFileType = text.xcconfig; name = "Pods-TotoRanUITests.release.xcconfig"; path = "Target Support Files/Pods-TotoRanUITests/Pods-TotoRanUITests.release.xcconfig"; sourceTree = "<group>"; };
		700B36BE485F227EA309DA2C /* Pods-Infra-Domain.debug.xcconfig */ = {isa = PBXFileReference; includeInIndex = 1; lastKnownFileType = text.xcconfig; name = "Pods-Infra-Domain.debug.xcconfig"; path = "Target Support Files/Pods-Infra-Domain/Pods-Infra-Domain.debug.xcconfig"; sourceTree = "<group>"; };
		A42D82ED7E0EC9C37C7C5931 /* Pods-Infra.debug.xcconfig */ = {isa = PBXFileReference; includeInIndex = 1; lastKnownFileType = text.xcconfig; name = "Pods-Infra.debug.xcconfig"; path = "Target Support Files/Pods-Infra/Pods-Infra.debug.xcconfig"; sourceTree = "<group>"; };
		B7010F1104C1C725297B8A32 /* Pods_Infra_TotoRan.framework */ = {isa = PBXFileReference; explicitFileType = wrapper.framework; includeInIndex = 0; path = Pods_Infra_TotoRan.framework; sourceTree = BUILT_PRODUCTS_DIR; };
		B9B7557F0EDC3E7FF78563FE /* Pods-Infra.release.xcconfig */ = {isa = PBXFileReference; includeInIndex = 1; lastKnownFileType = text.xcconfig; name = "Pods-Infra.release.xcconfig"; path = "Target Support Files/Pods-Infra/Pods-Infra.release.xcconfig"; sourceTree = "<group>"; };
		D50C86A3E27E17395C3DA8F2 /* Pods-TotoRan-TotoRanUITests.release.xcconfig */ = {isa = PBXFileReference; includeInIndex = 1; lastKnownFileType = text.xcconfig; name = "Pods-TotoRan-TotoRanUITests.release.xcconfig"; path = "Target Support Files/Pods-TotoRan-TotoRanUITests/Pods-TotoRan-TotoRanUITests.release.xcconfig"; sourceTree = "<group>"; };
		D9B017DD0B75970500F12C20 /* Pods-TotoRanTests.debug.xcconfig */ = {isa = PBXFileReference; includeInIndex = 1; lastKnownFileType = text.xcconfig; name = "Pods-TotoRanTests.debug.xcconfig"; path = "Target Support Files/Pods-TotoRanTests/Pods-TotoRanTests.debug.xcconfig"; sourceTree = "<group>"; };
		E80BBA826EB8511D1A87CA4A /* Pods_TotoRanUITests.framework */ = {isa = PBXFileReference; explicitFileType = wrapper.framework; includeInIndex = 0; path = Pods_TotoRanUITests.framework; sourceTree = BUILT_PRODUCTS_DIR; };
		EE448251539E77BDA920F971 /* Pods-TotoRan.debug.xcconfig */ = {isa = PBXFileReference; includeInIndex = 1; lastKnownFileType = text.xcconfig; name = "Pods-TotoRan.debug.xcconfig"; path = "Target Support Files/Pods-TotoRan/Pods-TotoRan.debug.xcconfig"; sourceTree = "<group>"; };
/* End PBXFileReference section */

/* Begin PBXFrameworksBuildPhase section */
		172D47A92671E85D00835E5B /* Frameworks */ = {
			isa = PBXFrameworksBuildPhase;
			buildActionMask = 2147483647;
			files = (
				2319E65B13425F4260EB91D4 /* Pods_Infra_Domain.framework in Frameworks */,
			);
			runOnlyForDeploymentPostprocessing = 0;
		};
		172D47B12671E85D00835E5B /* Frameworks */ = {
			isa = PBXFrameworksBuildPhase;
			buildActionMask = 2147483647;
			files = (
				172D47B52671E85D00835E5B /* Domain.framework in Frameworks */,
			);
			runOnlyForDeploymentPostprocessing = 0;
		};
		172D48792672157900835E5B /* Frameworks */ = {
			isa = PBXFrameworksBuildPhase;
			buildActionMask = 2147483647;
			files = (
				370417BA79B19D701C4C5236 /* Pods_Infra.framework in Frameworks */,
			);
			runOnlyForDeploymentPostprocessing = 0;
		};
		172D48812672157A00835E5B /* Frameworks */ = {
			isa = PBXFrameworksBuildPhase;
			buildActionMask = 2147483647;
			files = (
				172D48852672157A00835E5B /* Infra.framework in Frameworks */,
			);
			runOnlyForDeploymentPostprocessing = 0;
		};
		17FDC31F2641A0E300A9EFAE /* Frameworks */ = {
			isa = PBXFrameworksBuildPhase;
			buildActionMask = 2147483647;
			files = (
				172D47C12671E85D00835E5B /* Domain.framework in Frameworks */,
				172D48912672157A00835E5B /* Infra.framework in Frameworks */,
				7361429BDBEFA44C64B69EDF /* Pods_Infra_TotoRan.framework in Frameworks */,
			);
			runOnlyForDeploymentPostprocessing = 0;
		};
		17FDC3352641A0E500A9EFAE /* Frameworks */ = {
			isa = PBXFrameworksBuildPhase;
			buildActionMask = 2147483647;
			files = (
				146FB23DAF7F671D0EDD44EA /* Pods_TotoRanTests.framework in Frameworks */,
			);
			runOnlyForDeploymentPostprocessing = 0;
		};
		17FDC3402641A0E500A9EFAE /* Frameworks */ = {
			isa = PBXFrameworksBuildPhase;
			buildActionMask = 2147483647;
			files = (
				5C2859E892197DA4DBB3899F /* Pods_TotoRanUITests.framework in Frameworks */,
			);
			runOnlyForDeploymentPostprocessing = 0;
		};
/* End PBXFrameworksBuildPhase section */

/* Begin PBXGroup section */
		1706867F26537D310098CA8E /* ViewData */ = {
			isa = PBXGroup;
			children = (
				17E6802226569353004E5AEA /* TableViewData */,
				17E6802126569347004E5AEA /* ViewData */,
			);
			path = ViewData;
			sourceTree = "<group>";
		};
		172D47BA2671E85D00835E5B /* DomainTests */ = {
			isa = PBXGroup;
			children = (
				172D47BB2671E85D00835E5B /* DomainTests.swift */,
				172D47BD2671E85D00835E5B /* Info.plist */,
			);
			path = DomainTests;
			sourceTree = "<group>";
		};
		172D488A2672157A00835E5B /* InfraTests */ = {
			isa = PBXGroup;
			children = (
				172D488B2672157A00835E5B /* InfraTests.swift */,
				172D488D2672157A00835E5B /* Info.plist */,
			);
			path = InfraTests;
			sourceTree = "<group>";
		};
		1771B5F72648FC02007920E2 /* Domain */ = {
			isa = PBXGroup;
			children = (
				17F75770264CCC2A009C9AC5 /* UseCase */,
				17F7577F264CDDEC009C9AC5 /* Repository */,
				1771B5F82648FC12007920E2 /* Model */,
				172D47AE2671E85D00835E5B /* Domain.h */,
				172D47AF2671E85D00835E5B /* Info.plist */,
			);
			path = Domain;
			sourceTree = "<group>";
		};
		1771B5F82648FC12007920E2 /* Model */ = {
			isa = PBXGroup;
			children = (
				1771B5F92648FC68007920E2 /* Held.swift */,
				1771B60126490551007920E2 /* Frame.swift */,
				17F75757264A191C009C9AC5 /* Rate.swift */,
				1741E0B5265A76A500BD1588 /* ChoiceData.swift */,
				172D4560266353C400835E5B /* ResultChoiceData.swift */,
				172D466526662CB900835E5B /* Judge.swift */,
			);
			path = Model;
			sourceTree = "<group>";
		};
		1793216E2641B97700418225 /* Infra */ = {
			isa = PBXGroup;
			children = (
				17B638C7264D5E3800A0D0AF /* Mapper */,
				1793216F2641B98600418225 /* Repository */,
				17F75771264CCE3E009C9AC5 /* DataSource */,
				172D487E2672157A00835E5B /* Infra.h */,
				172D487F2672157A00835E5B /* Info.plist */,
			);
			path = Infra;
			sourceTree = "<group>";
		};
		1793216F2641B98600418225 /* Repository */ = {
			isa = PBXGroup;
			children = (
				17B638E7264E0C0700A0D0AF /* RepositoryProvider.swift */,
				179321702641B9BB00418225 /* TotoDataRepositoryImpl.swift */,
			);
			path = Repository;
			sourceTree = "<group>";
		};
		17B638C7264D5E3800A0D0AF /* Mapper */ = {
			isa = PBXGroup;
			children = (
				17B638CB264D5FBE00A0D0AF /* HeldMapper.swift */,
				17B638D0264D613400A0D0AF /* HeldDetailMapper.swift */,
				17B638D5264D622B00A0D0AF /* TotoRateMapper.swift */,
				17B638DA264D630500A0D0AF /* BookRateMapper.swift */,
			);
			path = Mapper;
			sourceTree = "<group>";
		};
		17B638EF264E117800A0D0AF /* IF */ = {
			isa = PBXGroup;
			children = (
				17B638F7264E123B00A0D0AF /* DataHandleUseCase.swift */,
			);
			path = IF;
			sourceTree = "<group>";
		};
		17B638F1264E119700A0D0AF /* Impl */ = {
			isa = PBXGroup;
			children = (
				17B638F2264E120000A0D0AF /* DataHandleUseCaseImpl.swift */,
			);
			path = Impl;
			sourceTree = "<group>";
		};
		17B638FC264E141700A0D0AF /* Delegate */ = {
			isa = PBXGroup;
			children = (
				17FDC3272641A0E300A9EFAE /* SceneDelegate.swift */,
				17FDC3252641A0E300A9EFAE /* AppDelegate.swift */,
			);
			path = Delegate;
			sourceTree = "<group>";
		};
		17B638FD264E142E00A0D0AF /* ViewController */ = {
			isa = PBXGroup;
			children = (
				17FDC3292641A0E300A9EFAE /* InitialViewController.swift */,
				170686412653602E0098CA8E /* RateChartViewController.swift */,
				17E680172655FF3E004E5AEA /* ChoiceViewController.swift */,
				172D454E265F68A900835E5B /* MultiChoiceSettingViewController.swift */,
				172D45562662798000835E5B /* ResultViewController.swift */,
				172D45ED266613C300835E5B /* JudgeResultViewController.swift */,
			);
			path = ViewController;
			sourceTree = "<group>";
		};
		17B638FE264E144B00A0D0AF /* StoryBoard */ = {
			isa = PBXGroup;
			children = (
				17FDC3302641A0E500A9EFAE /* LaunchScreen.storyboard */,
				17FDC32B2641A0E300A9EFAE /* Main.storyboard */,
			);
			path = StoryBoard;
			sourceTree = "<group>";
		};
		17B63908264E17CB00A0D0AF /* Presenter */ = {
			isa = PBXGroup;
			children = (
				17B6390A264E19A500A0D0AF /* InitialViewPresenter.swift */,
				1706867A265379970098CA8E /* RateChartViewPresenter.swift */,
				17E6801C265687AB004E5AEA /* ChoiceViewPresenter.swift */,
				172D455B26627AEC00835E5B /* ResultViewPresenter.swift */,
				172D45F22666173600835E5B /* JudgeResultViewPresenter.swift */,
			);
			path = Presenter;
			sourceTree = "<group>";
		};
		17B63915264FEF2A00A0D0AF /* DI */ = {
			isa = PBXGroup;
			children = (
				17B63916264FEF5200A0D0AF /* PresenterBuilder.swift */,
			);
			path = DI;
			sourceTree = "<group>";
		};
		17E6802126569347004E5AEA /* ViewData */ = {
			isa = PBXGroup;
			children = (
				1706868026537D460098CA8E /* ChartViewData.swift */,
				17E68023265693A1004E5AEA /* ChoiceViewData.swift */,
			);
			path = ViewData;
			sourceTree = "<group>";
		};
		17E6802226569353004E5AEA /* TableViewData */ = {
			isa = PBXGroup;
			children = (
				1706868526537DD80098CA8E /* RateChartTableViewData.swift */,
				17E6802B265754D8004E5AEA /* ChoiceTableViewData.swift */,
			);
			path = TableViewData;
			sourceTree = "<group>";
		};
		17E680302658CAA6004E5AEA /* TableViewCell */ = {
			isa = PBXGroup;
			children = (
				17E680312658CADC004E5AEA /* ChoiceViewCell.swift */,
				1741E0A2265948E000BD1588 /* ClearChoiceViewCell.swift */,
				1741E0A72659490000BD1588 /* TransitionButtonViewCell.swift */,
				17BA274B265CF8C50028CB42 /* CloseButtonViewCell.swift */,
			);
			path = TableViewCell;
			sourceTree = "<group>";
		};
		17F75770264CCC2A009C9AC5 /* UseCase */ = {
			isa = PBXGroup;
			children = (
				17B638EF264E117800A0D0AF /* IF */,
				17B638F1264E119700A0D0AF /* Impl */,
			);
			path = UseCase;
			sourceTree = "<group>";
		};
		17F75771264CCE3E009C9AC5 /* DataSource */ = {
			isa = PBXGroup;
			children = (
				17F75772264CCE57009C9AC5 /* RemoteDataSource.swift */,
				17F7577A264CCE95009C9AC5 /* LocalDataSource.swift */,
			);
			path = DataSource;
			sourceTree = "<group>";
		};
		17F7577F264CDDEC009C9AC5 /* Repository */ = {
			isa = PBXGroup;
			children = (
				17F75780264CDE2C009C9AC5 /* TotoDataRepository.swift */,
			);
			path = Repository;
			sourceTree = "<group>";
		};
		17FDC3192641A0E300A9EFAE = {
			isa = PBXGroup;
			children = (
				17FDC3242641A0E300A9EFAE /* TotoRan */,
				1771B5F72648FC02007920E2 /* Domain */,
				1793216E2641B97700418225 /* Infra */,
				17FDC33B2641A0E500A9EFAE /* TotoRanTests */,
				17FDC3462641A0E500A9EFAE /* TotoRanUITests */,
				172D47BA2671E85D00835E5B /* DomainTests */,
				172D488A2672157A00835E5B /* InfraTests */,
				17FDC3232641A0E300A9EFAE /* Products */,
				DFCEC90D7FAA8DDAA303A9D1 /* Pods */,
				A25D0047672CF159A911F199 /* Frameworks */,
			);
			sourceTree = "<group>";
		};
		17FDC3232641A0E300A9EFAE /* Products */ = {
			isa = PBXGroup;
			children = (
				17FDC3222641A0E300A9EFAE /* TotoRan.app */,
				17FDC3382641A0E500A9EFAE /* TotoRanTests.xctest */,
				17FDC3432641A0E500A9EFAE /* TotoRanUITests.xctest */,
				172D47AC2671E85D00835E5B /* Domain.framework */,
				172D47B42671E85D00835E5B /* DomainTests.xctest */,
				172D487C2672157900835E5B /* Infra.framework */,
				172D48842672157A00835E5B /* InfraTests.xctest */,
			);
			name = Products;
			sourceTree = "<group>";
		};
		17FDC3242641A0E300A9EFAE /* TotoRan */ = {
			isa = PBXGroup;
			children = (
				1706867F26537D310098CA8E /* ViewData */,
				17B638FC264E141700A0D0AF /* Delegate */,
				17B638FE264E144B00A0D0AF /* StoryBoard */,
				17E680302658CAA6004E5AEA /* TableViewCell */,
				17B638FD264E142E00A0D0AF /* ViewController */,
				17B63908264E17CB00A0D0AF /* Presenter */,
				17B63915264FEF2A00A0D0AF /* DI */,
				17FDC32E2641A0E500A9EFAE /* Assets.xcassets */,
				17FDC3332641A0E500A9EFAE /* Info.plist */,
			);
			path = TotoRan;
			sourceTree = "<group>";
		};
		17FDC33B2641A0E500A9EFAE /* TotoRanTests */ = {
			isa = PBXGroup;
			children = (
				17FDC33C2641A0E500A9EFAE /* TotoRanTests.swift */,
				17FDC33E2641A0E500A9EFAE /* Info.plist */,
			);
			path = TotoRanTests;
			sourceTree = "<group>";
		};
		17FDC3462641A0E500A9EFAE /* TotoRanUITests */ = {
			isa = PBXGroup;
			children = (
				17FDC3472641A0E500A9EFAE /* TotoRanUITests.swift */,
				17FDC3492641A0E500A9EFAE /* Info.plist */,
			);
			path = TotoRanUITests;
			sourceTree = "<group>";
		};
		A25D0047672CF159A911F199 /* Frameworks */ = {
			isa = PBXGroup;
			children = (
				537939EA91F1616B9DF30CFF /* Pods_TotoRanTests.framework */,
				14BA896D6EFB846329CC76A7 /* Pods_Infra.framework */,
				332DC03E25FE5D9F82DF12E1 /* Pods_Infra_Domain.framework */,
				B7010F1104C1C725297B8A32 /* Pods_Infra_TotoRan.framework */,
				E80BBA826EB8511D1A87CA4A /* Pods_TotoRanUITests.framework */,
			);
			name = Frameworks;
			sourceTree = "<group>";
		};
		DFCEC90D7FAA8DDAA303A9D1 /* Pods */ = {
			isa = PBXGroup;
			children = (
				EE448251539E77BDA920F971 /* Pods-TotoRan.debug.xcconfig */,
				17D61C55F0C11C5591358FFF /* Pods-TotoRan.release.xcconfig */,
				1380D2B33DE221CC2D7FC983 /* Pods-TotoRan-TotoRanUITests.debug.xcconfig */,
				D50C86A3E27E17395C3DA8F2 /* Pods-TotoRan-TotoRanUITests.release.xcconfig */,
				D9B017DD0B75970500F12C20 /* Pods-TotoRanTests.debug.xcconfig */,
				083EADC0A1FFE0082F78C4B2 /* Pods-TotoRanTests.release.xcconfig */,
				2C140D79F9CBD428F61448D3 /* Pods-Domain.debug.xcconfig */,
				1D4CAA3CCE1B63E50A183149 /* Pods-Domain.release.xcconfig */,
				A42D82ED7E0EC9C37C7C5931 /* Pods-Infra.debug.xcconfig */,
				B9B7557F0EDC3E7FF78563FE /* Pods-Infra.release.xcconfig */,
				700B36BE485F227EA309DA2C /* Pods-Infra-Domain.debug.xcconfig */,
				17B6789F375863A47DB4B29F /* Pods-Infra-Domain.release.xcconfig */,
				1B9D3A66B1BB06A8F219EF5A /* Pods-Infra-TotoRan.debug.xcconfig */,
				537975C58894AC2B74128B92 /* Pods-Infra-TotoRan.release.xcconfig */,
				1EB40EC314EE258C12515CF4 /* Pods-TotoRanUITests.debug.xcconfig */,
				65D26B4EFC8B478A32A7E728 /* Pods-TotoRanUITests.release.xcconfig */,
			);
			path = Pods;
			sourceTree = "<group>";
		};
/* End PBXGroup section */

/* Begin PBXHeadersBuildPhase section */
		172D47A72671E85D00835E5B /* Headers */ = {
			isa = PBXHeadersBuildPhase;
			buildActionMask = 2147483647;
			files = (
			);
			runOnlyForDeploymentPostprocessing = 0;
		};
		172D48772672157900835E5B /* Headers */ = {
			isa = PBXHeadersBuildPhase;
			buildActionMask = 2147483647;
			files = (
			);
			runOnlyForDeploymentPostprocessing = 0;
		};
/* End PBXHeadersBuildPhase section */

/* Begin PBXNativeTarget section */
		172D47AB2671E85D00835E5B /* Domain */ = {
			isa = PBXNativeTarget;
			buildConfigurationList = 172D47C82671E85D00835E5B /* Build configuration list for PBXNativeTarget "Domain" */;
			buildPhases = (
				41E669CFB2A8C443C240FFA6 /* [CP] Check Pods Manifest.lock */,
				172D47A72671E85D00835E5B /* Headers */,
				172D47A82671E85D00835E5B /* Sources */,
				172D47A92671E85D00835E5B /* Frameworks */,
				172D47AA2671E85D00835E5B /* Resources */,
			);
			buildRules = (
			);
			dependencies = (
			);
			name = Domain;
			productName = Domain;
			productReference = 172D47AC2671E85D00835E5B /* Domain.framework */;
			productType = "com.apple.product-type.framework";
		};
		172D47B32671E85D00835E5B /* DomainTests */ = {
			isa = PBXNativeTarget;
			buildConfigurationList = 172D47C92671E85D00835E5B /* Build configuration list for PBXNativeTarget "DomainTests" */;
			buildPhases = (
				172D47B02671E85D00835E5B /* Sources */,
				172D47B12671E85D00835E5B /* Frameworks */,
				172D47B22671E85D00835E5B /* Resources */,
			);
			buildRules = (
			);
			dependencies = (
				172D47B72671E85D00835E5B /* PBXTargetDependency */,
				172D47B92671E85D00835E5B /* PBXTargetDependency */,
			);
			name = DomainTests;
			productName = DomainTests;
			productReference = 172D47B42671E85D00835E5B /* DomainTests.xctest */;
			productType = "com.apple.product-type.bundle.unit-test";
		};
		172D487B2672157900835E5B /* Infra */ = {
			isa = PBXNativeTarget;
			buildConfigurationList = 172D48972672157A00835E5B /* Build configuration list for PBXNativeTarget "Infra" */;
			buildPhases = (
				FBB36B20D3FB1E25A4E9B381 /* [CP] Check Pods Manifest.lock */,
				172D48772672157900835E5B /* Headers */,
				172D48782672157900835E5B /* Sources */,
				172D48792672157900835E5B /* Frameworks */,
				172D487A2672157900835E5B /* Resources */,
			);
			buildRules = (
			);
			dependencies = (
				172D49942672180E00835E5B /* PBXTargetDependency */,
			);
			name = Infra;
			productName = Infra;
			productReference = 172D487C2672157900835E5B /* Infra.framework */;
			productType = "com.apple.product-type.framework";
		};
		172D48832672157A00835E5B /* InfraTests */ = {
			isa = PBXNativeTarget;
			buildConfigurationList = 172D48982672157A00835E5B /* Build configuration list for PBXNativeTarget "InfraTests" */;
			buildPhases = (
				172D48802672157A00835E5B /* Sources */,
				172D48812672157A00835E5B /* Frameworks */,
				172D48822672157A00835E5B /* Resources */,
			);
			buildRules = (
			);
			dependencies = (
				172D48872672157A00835E5B /* PBXTargetDependency */,
				172D48892672157A00835E5B /* PBXTargetDependency */,
			);
			name = InfraTests;
			productName = InfraTests;
			productReference = 172D48842672157A00835E5B /* InfraTests.xctest */;
			productType = "com.apple.product-type.bundle.unit-test";
		};
		17FDC3212641A0E300A9EFAE /* TotoRan */ = {
			isa = PBXNativeTarget;
			buildConfigurationList = 17FDC34C2641A0E500A9EFAE /* Build configuration list for PBXNativeTarget "TotoRan" */;
			buildPhases = (
				66D00A7442BBBB6CC40581DD /* [CP] Check Pods Manifest.lock */,
				17FDC31E2641A0E300A9EFAE /* Sources */,
				17FDC31F2641A0E300A9EFAE /* Frameworks */,
				17FDC3202641A0E300A9EFAE /* Resources */,
				2D04BB89ACE34E2E5D8FA144 /* [CP] Embed Pods Frameworks */,
				172D47C32671E85D00835E5B /* Embed Frameworks */,
			);
			buildRules = (
			);
			dependencies = (
				172D47C02671E85D00835E5B /* PBXTargetDependency */,
				172D48902672157A00835E5B /* PBXTargetDependency */,
			);
			name = TotoRan;
			productName = TotoRan;
			productReference = 17FDC3222641A0E300A9EFAE /* TotoRan.app */;
			productType = "com.apple.product-type.application";
		};
		17FDC3372641A0E500A9EFAE /* TotoRanTests */ = {
			isa = PBXNativeTarget;
			buildConfigurationList = 17FDC34F2641A0E500A9EFAE /* Build configuration list for PBXNativeTarget "TotoRanTests" */;
			buildPhases = (
				6974BD820647C874D6110461 /* [CP] Check Pods Manifest.lock */,
				17FDC3342641A0E500A9EFAE /* Sources */,
				17FDC3352641A0E500A9EFAE /* Frameworks */,
				17FDC3362641A0E500A9EFAE /* Resources */,
			);
			buildRules = (
			);
			dependencies = (
				17FDC33A2641A0E500A9EFAE /* PBXTargetDependency */,
			);
			name = TotoRanTests;
			productName = TotoRanTests;
			productReference = 17FDC3382641A0E500A9EFAE /* TotoRanTests.xctest */;
			productType = "com.apple.product-type.bundle.unit-test";
		};
		17FDC3422641A0E500A9EFAE /* TotoRanUITests */ = {
			isa = PBXNativeTarget;
			buildConfigurationList = 17FDC3522641A0E500A9EFAE /* Build configuration list for PBXNativeTarget "TotoRanUITests" */;
			buildPhases = (
				BE48CDEF155028EE0B914FA9 /* [CP] Check Pods Manifest.lock */,
				17FDC33F2641A0E500A9EFAE /* Sources */,
				17FDC3402641A0E500A9EFAE /* Frameworks */,
				17FDC3412641A0E500A9EFAE /* Resources */,
			);
			buildRules = (
			);
			dependencies = (
				17FDC3452641A0E500A9EFAE /* PBXTargetDependency */,
			);
			name = TotoRanUITests;
			productName = TotoRanUITests;
			productReference = 17FDC3432641A0E500A9EFAE /* TotoRanUITests.xctest */;
			productType = "com.apple.product-type.bundle.ui-testing";
		};
/* End PBXNativeTarget section */

/* Begin PBXProject section */
		17FDC31A2641A0E300A9EFAE /* Project object */ = {
			isa = PBXProject;
			attributes = {
				LastSwiftUpdateCheck = 1240;
				LastUpgradeCheck = 1240;
				TargetAttributes = {
					172D47AB2671E85D00835E5B = {
						CreatedOnToolsVersion = 12.4;
					};
					172D47B32671E85D00835E5B = {
						CreatedOnToolsVersion = 12.4;
						TestTargetID = 17FDC3212641A0E300A9EFAE;
					};
					172D487B2672157900835E5B = {
						CreatedOnToolsVersion = 12.4;
					};
					172D48832672157A00835E5B = {
						CreatedOnToolsVersion = 12.4;
						TestTargetID = 17FDC3212641A0E300A9EFAE;
					};
					17FDC3212641A0E300A9EFAE = {
						CreatedOnToolsVersion = 12.4;
					};
					17FDC3372641A0E500A9EFAE = {
						CreatedOnToolsVersion = 12.4;
						TestTargetID = 17FDC3212641A0E300A9EFAE;
					};
					17FDC3422641A0E500A9EFAE = {
						CreatedOnToolsVersion = 12.4;
						TestTargetID = 17FDC3212641A0E300A9EFAE;
					};
				};
			};
			buildConfigurationList = 17FDC31D2641A0E300A9EFAE /* Build configuration list for PBXProject "TotoRan" */;
			compatibilityVersion = "Xcode 9.3";
			developmentRegion = en;
			hasScannedForEncodings = 0;
			knownRegions = (
				en,
				Base,
			);
			mainGroup = 17FDC3192641A0E300A9EFAE;
			productRefGroup = 17FDC3232641A0E300A9EFAE /* Products */;
			projectDirPath = "";
			projectRoot = "";
			targets = (
				17FDC3212641A0E300A9EFAE /* TotoRan */,
				17FDC3372641A0E500A9EFAE /* TotoRanTests */,
				17FDC3422641A0E500A9EFAE /* TotoRanUITests */,
				172D47AB2671E85D00835E5B /* Domain */,
				172D47B32671E85D00835E5B /* DomainTests */,
				172D487B2672157900835E5B /* Infra */,
				172D48832672157A00835E5B /* InfraTests */,
			);
		};
/* End PBXProject section */

/* Begin PBXResourcesBuildPhase section */
		172D47AA2671E85D00835E5B /* Resources */ = {
			isa = PBXResourcesBuildPhase;
			buildActionMask = 2147483647;
			files = (
			);
			runOnlyForDeploymentPostprocessing = 0;
		};
		172D47B22671E85D00835E5B /* Resources */ = {
			isa = PBXResourcesBuildPhase;
			buildActionMask = 2147483647;
			files = (
			);
			runOnlyForDeploymentPostprocessing = 0;
		};
		172D487A2672157900835E5B /* Resources */ = {
			isa = PBXResourcesBuildPhase;
			buildActionMask = 2147483647;
			files = (
			);
			runOnlyForDeploymentPostprocessing = 0;
		};
		172D48822672157A00835E5B /* Resources */ = {
			isa = PBXResourcesBuildPhase;
			buildActionMask = 2147483647;
			files = (
			);
			runOnlyForDeploymentPostprocessing = 0;
		};
		17FDC3202641A0E300A9EFAE /* Resources */ = {
			isa = PBXResourcesBuildPhase;
			buildActionMask = 2147483647;
			files = (
				17FDC3322641A0E500A9EFAE /* LaunchScreen.storyboard in Resources */,
				17FDC32F2641A0E500A9EFAE /* Assets.xcassets in Resources */,
				17FDC32D2641A0E300A9EFAE /* Main.storyboard in Resources */,
			);
			runOnlyForDeploymentPostprocessing = 0;
		};
		17FDC3362641A0E500A9EFAE /* Resources */ = {
			isa = PBXResourcesBuildPhase;
			buildActionMask = 2147483647;
			files = (
			);
			runOnlyForDeploymentPostprocessing = 0;
		};
		17FDC3412641A0E500A9EFAE /* Resources */ = {
			isa = PBXResourcesBuildPhase;
			buildActionMask = 2147483647;
			files = (
			);
			runOnlyForDeploymentPostprocessing = 0;
		};
/* End PBXResourcesBuildPhase section */

/* Begin PBXShellScriptBuildPhase section */
		2D04BB89ACE34E2E5D8FA144 /* [CP] Embed Pods Frameworks */ = {
			isa = PBXShellScriptBuildPhase;
			buildActionMask = 2147483647;
			files = (
			);
			inputFileListPaths = (
				"${PODS_ROOT}/Target Support Files/Pods-Infra-TotoRan/Pods-Infra-TotoRan-frameworks-${CONFIGURATION}-input-files.xcfilelist",
			);
			name = "[CP] Embed Pods Frameworks";
			outputFileListPaths = (
				"${PODS_ROOT}/Target Support Files/Pods-Infra-TotoRan/Pods-Infra-TotoRan-frameworks-${CONFIGURATION}-output-files.xcfilelist",
			);
			runOnlyForDeploymentPostprocessing = 0;
			shellPath = /bin/sh;
			shellScript = "\"${PODS_ROOT}/Target Support Files/Pods-Infra-TotoRan/Pods-Infra-TotoRan-frameworks.sh\"\n";
			showEnvVarsInLog = 0;
		};
		41E669CFB2A8C443C240FFA6 /* [CP] Check Pods Manifest.lock */ = {
			isa = PBXShellScriptBuildPhase;
			buildActionMask = 2147483647;
			files = (
			);
			inputFileListPaths = (
			);
			inputPaths = (
				"${PODS_PODFILE_DIR_PATH}/Podfile.lock",
				"${PODS_ROOT}/Manifest.lock",
			);
			name = "[CP] Check Pods Manifest.lock";
			outputFileListPaths = (
			);
			outputPaths = (
				"$(DERIVED_FILE_DIR)/Pods-Infra-Domain-checkManifestLockResult.txt",
			);
			runOnlyForDeploymentPostprocessing = 0;
			shellPath = /bin/sh;
			shellScript = "diff \"${PODS_PODFILE_DIR_PATH}/Podfile.lock\" \"${PODS_ROOT}/Manifest.lock\" > /dev/null\nif [ $? != 0 ] ; then\n    # print error to STDERR\n    echo \"error: The sandbox is not in sync with the Podfile.lock. Run 'pod install' or update your CocoaPods installation.\" >&2\n    exit 1\nfi\n# This output is used by Xcode 'outputs' to avoid re-running this script phase.\necho \"SUCCESS\" > \"${SCRIPT_OUTPUT_FILE_0}\"\n";
			showEnvVarsInLog = 0;
		};
		66D00A7442BBBB6CC40581DD /* [CP] Check Pods Manifest.lock */ = {
			isa = PBXShellScriptBuildPhase;
			buildActionMask = 2147483647;
			files = (
			);
			inputFileListPaths = (
			);
			inputPaths = (
				"${PODS_PODFILE_DIR_PATH}/Podfile.lock",
				"${PODS_ROOT}/Manifest.lock",
			);
			name = "[CP] Check Pods Manifest.lock";
			outputFileListPaths = (
			);
			outputPaths = (
				"$(DERIVED_FILE_DIR)/Pods-Infra-TotoRan-checkManifestLockResult.txt",
			);
			runOnlyForDeploymentPostprocessing = 0;
			shellPath = /bin/sh;
			shellScript = "diff \"${PODS_PODFILE_DIR_PATH}/Podfile.lock\" \"${PODS_ROOT}/Manifest.lock\" > /dev/null\nif [ $? != 0 ] ; then\n    # print error to STDERR\n    echo \"error: The sandbox is not in sync with the Podfile.lock. Run 'pod install' or update your CocoaPods installation.\" >&2\n    exit 1\nfi\n# This output is used by Xcode 'outputs' to avoid re-running this script phase.\necho \"SUCCESS\" > \"${SCRIPT_OUTPUT_FILE_0}\"\n";
			showEnvVarsInLog = 0;
		};
		6974BD820647C874D6110461 /* [CP] Check Pods Manifest.lock */ = {
			isa = PBXShellScriptBuildPhase;
			buildActionMask = 2147483647;
			files = (
			);
			inputFileListPaths = (
			);
			inputPaths = (
				"${PODS_PODFILE_DIR_PATH}/Podfile.lock",
				"${PODS_ROOT}/Manifest.lock",
			);
			name = "[CP] Check Pods Manifest.lock";
			outputFileListPaths = (
			);
			outputPaths = (
				"$(DERIVED_FILE_DIR)/Pods-TotoRanTests-checkManifestLockResult.txt",
			);
			runOnlyForDeploymentPostprocessing = 0;
			shellPath = /bin/sh;
			shellScript = "diff \"${PODS_PODFILE_DIR_PATH}/Podfile.lock\" \"${PODS_ROOT}/Manifest.lock\" > /dev/null\nif [ $? != 0 ] ; then\n    # print error to STDERR\n    echo \"error: The sandbox is not in sync with the Podfile.lock. Run 'pod install' or update your CocoaPods installation.\" >&2\n    exit 1\nfi\n# This output is used by Xcode 'outputs' to avoid re-running this script phase.\necho \"SUCCESS\" > \"${SCRIPT_OUTPUT_FILE_0}\"\n";
			showEnvVarsInLog = 0;
		};
		BE48CDEF155028EE0B914FA9 /* [CP] Check Pods Manifest.lock */ = {
			isa = PBXShellScriptBuildPhase;
			buildActionMask = 2147483647;
			files = (
			);
			inputFileListPaths = (
			);
			inputPaths = (
				"${PODS_PODFILE_DIR_PATH}/Podfile.lock",
				"${PODS_ROOT}/Manifest.lock",
			);
			name = "[CP] Check Pods Manifest.lock";
			outputFileListPaths = (
			);
			outputPaths = (
				"$(DERIVED_FILE_DIR)/Pods-TotoRanUITests-checkManifestLockResult.txt",
			);
			runOnlyForDeploymentPostprocessing = 0;
			shellPath = /bin/sh;
			shellScript = "diff \"${PODS_PODFILE_DIR_PATH}/Podfile.lock\" \"${PODS_ROOT}/Manifest.lock\" > /dev/null\nif [ $? != 0 ] ; then\n    # print error to STDERR\n    echo \"error: The sandbox is not in sync with the Podfile.lock. Run 'pod install' or update your CocoaPods installation.\" >&2\n    exit 1\nfi\n# This output is used by Xcode 'outputs' to avoid re-running this script phase.\necho \"SUCCESS\" > \"${SCRIPT_OUTPUT_FILE_0}\"\n";
			showEnvVarsInLog = 0;
		};
		FBB36B20D3FB1E25A4E9B381 /* [CP] Check Pods Manifest.lock */ = {
			isa = PBXShellScriptBuildPhase;
			buildActionMask = 2147483647;
			files = (
			);
			inputFileListPaths = (
			);
			inputPaths = (
				"${PODS_PODFILE_DIR_PATH}/Podfile.lock",
				"${PODS_ROOT}/Manifest.lock",
			);
			name = "[CP] Check Pods Manifest.lock";
			outputFileListPaths = (
			);
			outputPaths = (
				"$(DERIVED_FILE_DIR)/Pods-Infra-checkManifestLockResult.txt",
			);
			runOnlyForDeploymentPostprocessing = 0;
			shellPath = /bin/sh;
			shellScript = "diff \"${PODS_PODFILE_DIR_PATH}/Podfile.lock\" \"${PODS_ROOT}/Manifest.lock\" > /dev/null\nif [ $? != 0 ] ; then\n    # print error to STDERR\n    echo \"error: The sandbox is not in sync with the Podfile.lock. Run 'pod install' or update your CocoaPods installation.\" >&2\n    exit 1\nfi\n# This output is used by Xcode 'outputs' to avoid re-running this script phase.\necho \"SUCCESS\" > \"${SCRIPT_OUTPUT_FILE_0}\"\n";
			showEnvVarsInLog = 0;
		};
/* End PBXShellScriptBuildPhase section */

/* Begin PBXSourcesBuildPhase section */
		172D47A82671E85D00835E5B /* Sources */ = {
			isa = PBXSourcesBuildPhase;
			buildActionMask = 2147483647;
			files = (
				172D47FA2671E8CC00835E5B /* TotoDataRepository.swift in Sources */,
				172D47FF2671E8D300835E5B /* DataHandleUseCase.swift in Sources */,
				172D47EB2671E8B800835E5B /* ChoiceData.swift in Sources */,
				172D47E62671E8B300835E5B /* Rate.swift in Sources */,
				172D47DC2671E8A900835E5B /* Held.swift in Sources */,
				172D47E12671E8AE00835E5B /* Frame.swift in Sources */,
				172D48042671E8D900835E5B /* DataHandleUseCaseImpl.swift in Sources */,
				172D47F02671E8BE00835E5B /* ResultChoiceData.swift in Sources */,
				172D47F52671E8C300835E5B /* Judge.swift in Sources */,
			);
			runOnlyForDeploymentPostprocessing = 0;
		};
		172D47B02671E85D00835E5B /* Sources */ = {
			isa = PBXSourcesBuildPhase;
			buildActionMask = 2147483647;
			files = (
				172D47BC2671E85D00835E5B /* DomainTests.swift in Sources */,
			);
			runOnlyForDeploymentPostprocessing = 0;
		};
		172D48782672157900835E5B /* Sources */ = {
			isa = PBXSourcesBuildPhase;
			buildActionMask = 2147483647;
			files = (
				172D48D82672163200835E5B /* HeldDetailMapper.swift in Sources */,
				172D49132672164F00835E5B /* RemoteDataSource.swift in Sources */,
				172D48FF2672164400835E5B /* RepositoryProvider.swift in Sources */,
				172D48CB2672162D00835E5B /* HeldMapper.swift in Sources */,
				172D48E52672163700835E5B /* TotoRateMapper.swift in Sources */,
				172D48F22672163D00835E5B /* BookRateMapper.swift in Sources */,
				172D49202672165300835E5B /* LocalDataSource.swift in Sources */,
				172D490C2672164900835E5B /* TotoDataRepositoryImpl.swift in Sources */,
			);
			runOnlyForDeploymentPostprocessing = 0;
		};
		172D48802672157A00835E5B /* Sources */ = {
			isa = PBXSourcesBuildPhase;
			buildActionMask = 2147483647;
			files = (
				172D488C2672157A00835E5B /* InfraTests.swift in Sources */,
			);
			runOnlyForDeploymentPostprocessing = 0;
		};
		17FDC31E2641A0E300A9EFAE /* Sources */ = {
			isa = PBXSourcesBuildPhase;
			buildActionMask = 2147483647;
			files = (
				17BA274C265CF8C50028CB42 /* CloseButtonViewCell.swift in Sources */,
				172D454F265F68A900835E5B /* MultiChoiceSettingViewController.swift in Sources */,
				1741E0A82659490000BD1588 /* TransitionButtonViewCell.swift in Sources */,
				17FDC32A2641A0E300A9EFAE /* InitialViewController.swift in Sources */,
				17E6801D265687AB004E5AEA /* ChoiceViewPresenter.swift in Sources */,
				170686422653602E0098CA8E /* RateChartViewController.swift in Sources */,
				172D45EE266613C300835E5B /* JudgeResultViewController.swift in Sources */,
				1706868126537D460098CA8E /* ChartViewData.swift in Sources */,
				17E680322658CADC004E5AEA /* ChoiceViewCell.swift in Sources */,
				1706867B265379970098CA8E /* RateChartViewPresenter.swift in Sources */,
				1741E0A3265948E000BD1588 /* ClearChoiceViewCell.swift in Sources */,
				17B6390B264E19A500A0D0AF /* InitialViewPresenter.swift in Sources */,
				17FDC3262641A0E300A9EFAE /* AppDelegate.swift in Sources */,
				17E680182655FF3E004E5AEA /* ChoiceViewController.swift in Sources */,
				17E6802C265754D8004E5AEA /* ChoiceTableViewData.swift in Sources */,
				172D45572662798000835E5B /* ResultViewController.swift in Sources */,
				1706868626537DD80098CA8E /* RateChartTableViewData.swift in Sources */,
				172D45F32666173600835E5B /* JudgeResultViewPresenter.swift in Sources */,
				17B63917264FEF5200A0D0AF /* PresenterBuilder.swift in Sources */,
				17E68024265693A1004E5AEA /* ChoiceViewData.swift in Sources */,
				17FDC3282641A0E300A9EFAE /* SceneDelegate.swift in Sources */,
				172D455C26627AEC00835E5B /* ResultViewPresenter.swift in Sources */,
			);
			runOnlyForDeploymentPostprocessing = 0;
		};
		17FDC3342641A0E500A9EFAE /* Sources */ = {
			isa = PBXSourcesBuildPhase;
			buildActionMask = 2147483647;
			files = (
				17FDC33D2641A0E500A9EFAE /* TotoRanTests.swift in Sources */,
			);
			runOnlyForDeploymentPostprocessing = 0;
		};
		17FDC33F2641A0E500A9EFAE /* Sources */ = {
			isa = PBXSourcesBuildPhase;
			buildActionMask = 2147483647;
			files = (
				17FDC3482641A0E500A9EFAE /* TotoRanUITests.swift in Sources */,
			);
			runOnlyForDeploymentPostprocessing = 0;
		};
/* End PBXSourcesBuildPhase section */

/* Begin PBXTargetDependency section */
		172D47B72671E85D00835E5B /* PBXTargetDependency */ = {
			isa = PBXTargetDependency;
			target = 172D47AB2671E85D00835E5B /* Domain */;
			targetProxy = 172D47B62671E85D00835E5B /* PBXContainerItemProxy */;
		};
		172D47B92671E85D00835E5B /* PBXTargetDependency */ = {
			isa = PBXTargetDependency;
			target = 17FDC3212641A0E300A9EFAE /* TotoRan */;
			targetProxy = 172D47B82671E85D00835E5B /* PBXContainerItemProxy */;
		};
		172D47C02671E85D00835E5B /* PBXTargetDependency */ = {
			isa = PBXTargetDependency;
			target = 172D47AB2671E85D00835E5B /* Domain */;
			targetProxy = 172D47BF2671E85D00835E5B /* PBXContainerItemProxy */;
		};
		172D48872672157A00835E5B /* PBXTargetDependency */ = {
			isa = PBXTargetDependency;
			target = 172D487B2672157900835E5B /* Infra */;
			targetProxy = 172D48862672157A00835E5B /* PBXContainerItemProxy */;
		};
		172D48892672157A00835E5B /* PBXTargetDependency */ = {
			isa = PBXTargetDependency;
			target = 17FDC3212641A0E300A9EFAE /* TotoRan */;
			targetProxy = 172D48882672157A00835E5B /* PBXContainerItemProxy */;
		};
		172D48902672157A00835E5B /* PBXTargetDependency */ = {
			isa = PBXTargetDependency;
			target = 172D487B2672157900835E5B /* Infra */;
			targetProxy = 172D488F2672157A00835E5B /* PBXContainerItemProxy */;
		};
		172D49942672180E00835E5B /* PBXTargetDependency */ = {
			isa = PBXTargetDependency;
			target = 172D47AB2671E85D00835E5B /* Domain */;
			targetProxy = 172D49932672180E00835E5B /* PBXContainerItemProxy */;
		};
		17FDC33A2641A0E500A9EFAE /* PBXTargetDependency */ = {
			isa = PBXTargetDependency;
			target = 17FDC3212641A0E300A9EFAE /* TotoRan */;
			targetProxy = 17FDC3392641A0E500A9EFAE /* PBXContainerItemProxy */;
		};
		17FDC3452641A0E500A9EFAE /* PBXTargetDependency */ = {
			isa = PBXTargetDependency;
			target = 17FDC3212641A0E300A9EFAE /* TotoRan */;
			targetProxy = 17FDC3442641A0E500A9EFAE /* PBXContainerItemProxy */;
		};
/* End PBXTargetDependency section */

/* Begin PBXVariantGroup section */
		17FDC32B2641A0E300A9EFAE /* Main.storyboard */ = {
			isa = PBXVariantGroup;
			children = (
				17FDC32C2641A0E300A9EFAE /* Base */,
			);
			name = Main.storyboard;
			sourceTree = "<group>";
		};
		17FDC3302641A0E500A9EFAE /* LaunchScreen.storyboard */ = {
			isa = PBXVariantGroup;
			children = (
				17FDC3312641A0E500A9EFAE /* Base */,
			);
			name = LaunchScreen.storyboard;
			sourceTree = "<group>";
		};
/* End PBXVariantGroup section */

/* Begin XCBuildConfiguration section */
		172D47C42671E85D00835E5B /* Debug */ = {
			isa = XCBuildConfiguration;
			baseConfigurationReference = 700B36BE485F227EA309DA2C /* Pods-Infra-Domain.debug.xcconfig */;
			buildSettings = {
				CODE_SIGN_STYLE = Automatic;
				CURRENT_PROJECT_VERSION = 1;
				DEFINES_MODULE = YES;
				DEVELOPMENT_TEAM = 489E83K4WZ;
				DYLIB_COMPATIBILITY_VERSION = 1;
				DYLIB_CURRENT_VERSION = 1;
				DYLIB_INSTALL_NAME_BASE = "@rpath";
				INFOPLIST_FILE = Domain/Info.plist;
				INSTALL_PATH = "$(LOCAL_LIBRARY_DIR)/Frameworks";
				IPHONEOS_DEPLOYMENT_TARGET = 13.0;
				LD_RUNPATH_SEARCH_PATHS = (
					"$(inherited)",
					"@executable_path/Frameworks",
					"@loader_path/Frameworks",
				);
				PRODUCT_BUNDLE_IDENTIFIER = tei.kosou.Domain;
				PRODUCT_NAME = "$(TARGET_NAME:c99extidentifier)";
				SKIP_INSTALL = YES;
				SUPPORTS_MACCATALYST = NO;
				SWIFT_VERSION = 5.0;
				TARGETED_DEVICE_FAMILY = "1,2";
				VERSIONING_SYSTEM = "apple-generic";
				VERSION_INFO_PREFIX = "";
			};
			name = Debug;
		};
		172D47C52671E85D00835E5B /* Release */ = {
			isa = XCBuildConfiguration;
			baseConfigurationReference = 17B6789F375863A47DB4B29F /* Pods-Infra-Domain.release.xcconfig */;
			buildSettings = {
				CODE_SIGN_STYLE = Automatic;
				CURRENT_PROJECT_VERSION = 1;
				DEFINES_MODULE = YES;
				DEVELOPMENT_TEAM = 489E83K4WZ;
				DYLIB_COMPATIBILITY_VERSION = 1;
				DYLIB_CURRENT_VERSION = 1;
				DYLIB_INSTALL_NAME_BASE = "@rpath";
				INFOPLIST_FILE = Domain/Info.plist;
				INSTALL_PATH = "$(LOCAL_LIBRARY_DIR)/Frameworks";
				IPHONEOS_DEPLOYMENT_TARGET = 13.0;
				LD_RUNPATH_SEARCH_PATHS = (
					"$(inherited)",
					"@executable_path/Frameworks",
					"@loader_path/Frameworks",
				);
				PRODUCT_BUNDLE_IDENTIFIER = tei.kosou.Domain;
				PRODUCT_NAME = "$(TARGET_NAME:c99extidentifier)";
				SKIP_INSTALL = YES;
				SUPPORTS_MACCATALYST = NO;
				SWIFT_VERSION = 5.0;
				TARGETED_DEVICE_FAMILY = "1,2";
				VERSIONING_SYSTEM = "apple-generic";
				VERSION_INFO_PREFIX = "";
			};
			name = Release;
		};
		172D47C62671E85D00835E5B /* Debug */ = {
			isa = XCBuildConfiguration;
			buildSettings = {
				ALWAYS_EMBED_SWIFT_STANDARD_LIBRARIES = YES;
				CODE_SIGN_STYLE = Automatic;
				DEVELOPMENT_TEAM = 489E83K4WZ;
				INFOPLIST_FILE = DomainTests/Info.plist;
				LD_RUNPATH_SEARCH_PATHS = (
					"$(inherited)",
					"@executable_path/Frameworks",
					"@loader_path/Frameworks",
				);
				PRODUCT_BUNDLE_IDENTIFIER = tei.kosou.DomainTests;
				PRODUCT_NAME = "$(TARGET_NAME)";
				SWIFT_VERSION = 5.0;
				TARGETED_DEVICE_FAMILY = "1,2";
				TEST_HOST = "$(BUILT_PRODUCTS_DIR)/TotoRan.app/TotoRan";
			};
			name = Debug;
		};
		172D47C72671E85D00835E5B /* Release */ = {
			isa = XCBuildConfiguration;
			buildSettings = {
				ALWAYS_EMBED_SWIFT_STANDARD_LIBRARIES = YES;
				CODE_SIGN_STYLE = Automatic;
				DEVELOPMENT_TEAM = 489E83K4WZ;
				INFOPLIST_FILE = DomainTests/Info.plist;
				LD_RUNPATH_SEARCH_PATHS = (
					"$(inherited)",
					"@executable_path/Frameworks",
					"@loader_path/Frameworks",
				);
				PRODUCT_BUNDLE_IDENTIFIER = tei.kosou.DomainTests;
				PRODUCT_NAME = "$(TARGET_NAME)";
				SWIFT_VERSION = 5.0;
				TARGETED_DEVICE_FAMILY = "1,2";
				TEST_HOST = "$(BUILT_PRODUCTS_DIR)/TotoRan.app/TotoRan";
			};
			name = Release;
		};
		172D48932672157A00835E5B /* Debug */ = {
			isa = XCBuildConfiguration;
			baseConfigurationReference = A42D82ED7E0EC9C37C7C5931 /* Pods-Infra.debug.xcconfig */;
			buildSettings = {
				CODE_SIGN_STYLE = Automatic;
				CURRENT_PROJECT_VERSION = 1;
				DEFINES_MODULE = YES;
				DEVELOPMENT_TEAM = 489E83K4WZ;
				DYLIB_COMPATIBILITY_VERSION = 1;
				DYLIB_CURRENT_VERSION = 1;
				DYLIB_INSTALL_NAME_BASE = "@rpath";
				INFOPLIST_FILE = Infra/Info.plist;
				INSTALL_PATH = "$(LOCAL_LIBRARY_DIR)/Frameworks";
				IPHONEOS_DEPLOYMENT_TARGET = 13.0;
				LD_RUNPATH_SEARCH_PATHS = (
					"$(inherited)",
					"@executable_path/Frameworks",
					"@loader_path/Frameworks",
				);
				PRODUCT_BUNDLE_IDENTIFIER = tei.kosou.Infra;
				PRODUCT_NAME = "$(TARGET_NAME:c99extidentifier)";
				SKIP_INSTALL = YES;
				SUPPORTS_MACCATALYST = NO;
				SWIFT_VERSION = 5.0;
				TARGETED_DEVICE_FAMILY = "1,2";
				VERSIONING_SYSTEM = "apple-generic";
				VERSION_INFO_PREFIX = "";
			};
			name = Debug;
		};
		172D48942672157A00835E5B /* Release */ = {
			isa = XCBuildConfiguration;
			baseConfigurationReference = B9B7557F0EDC3E7FF78563FE /* Pods-Infra.release.xcconfig */;
			buildSettings = {
				CODE_SIGN_STYLE = Automatic;
				CURRENT_PROJECT_VERSION = 1;
				DEFINES_MODULE = YES;
				DEVELOPMENT_TEAM = 489E83K4WZ;
				DYLIB_COMPATIBILITY_VERSION = 1;
				DYLIB_CURRENT_VERSION = 1;
				DYLIB_INSTALL_NAME_BASE = "@rpath";
				INFOPLIST_FILE = Infra/Info.plist;
				INSTALL_PATH = "$(LOCAL_LIBRARY_DIR)/Frameworks";
				IPHONEOS_DEPLOYMENT_TARGET = 13.0;
				LD_RUNPATH_SEARCH_PATHS = (
					"$(inherited)",
					"@executable_path/Frameworks",
					"@loader_path/Frameworks",
				);
				PRODUCT_BUNDLE_IDENTIFIER = tei.kosou.Infra;
				PRODUCT_NAME = "$(TARGET_NAME:c99extidentifier)";
				SKIP_INSTALL = YES;
				SUPPORTS_MACCATALYST = NO;
				SWIFT_VERSION = 5.0;
				TARGETED_DEVICE_FAMILY = "1,2";
				VERSIONING_SYSTEM = "apple-generic";
				VERSION_INFO_PREFIX = "";
			};
			name = Release;
		};
		172D48952672157A00835E5B /* Debug */ = {
			isa = XCBuildConfiguration;
			buildSettings = {
				ALWAYS_EMBED_SWIFT_STANDARD_LIBRARIES = YES;
				CODE_SIGN_STYLE = Automatic;
				DEVELOPMENT_TEAM = 489E83K4WZ;
				INFOPLIST_FILE = InfraTests/Info.plist;
				LD_RUNPATH_SEARCH_PATHS = (
					"$(inherited)",
					"@executable_path/Frameworks",
					"@loader_path/Frameworks",
				);
				PRODUCT_BUNDLE_IDENTIFIER = tei.kosou.InfraTests;
				PRODUCT_NAME = "$(TARGET_NAME)";
				SWIFT_VERSION = 5.0;
				TARGETED_DEVICE_FAMILY = "1,2";
				TEST_HOST = "$(BUILT_PRODUCTS_DIR)/TotoRan.app/TotoRan";
			};
			name = Debug;
		};
		172D48962672157A00835E5B /* Release */ = {
			isa = XCBuildConfiguration;
			buildSettings = {
				ALWAYS_EMBED_SWIFT_STANDARD_LIBRARIES = YES;
				CODE_SIGN_STYLE = Automatic;
				DEVELOPMENT_TEAM = 489E83K4WZ;
				INFOPLIST_FILE = InfraTests/Info.plist;
				LD_RUNPATH_SEARCH_PATHS = (
					"$(inherited)",
					"@executable_path/Frameworks",
					"@loader_path/Frameworks",
				);
				PRODUCT_BUNDLE_IDENTIFIER = tei.kosou.InfraTests;
				PRODUCT_NAME = "$(TARGET_NAME)";
				SWIFT_VERSION = 5.0;
				TARGETED_DEVICE_FAMILY = "1,2";
				TEST_HOST = "$(BUILT_PRODUCTS_DIR)/TotoRan.app/TotoRan";
			};
			name = Release;
		};
		17FDC34A2641A0E500A9EFAE /* Debug */ = {
			isa = XCBuildConfiguration;
			buildSettings = {
				ALWAYS_SEARCH_USER_PATHS = NO;
				CLANG_ANALYZER_NONNULL = YES;
				CLANG_ANALYZER_NUMBER_OBJECT_CONVERSION = YES_AGGRESSIVE;
				CLANG_CXX_LANGUAGE_STANDARD = "gnu++14";
				CLANG_CXX_LIBRARY = "libc++";
				CLANG_ENABLE_MODULES = YES;
				CLANG_ENABLE_OBJC_ARC = YES;
				CLANG_ENABLE_OBJC_WEAK = YES;
				CLANG_WARN_BLOCK_CAPTURE_AUTORELEASING = YES;
				CLANG_WARN_BOOL_CONVERSION = YES;
				CLANG_WARN_COMMA = YES;
				CLANG_WARN_CONSTANT_CONVERSION = YES;
				CLANG_WARN_DEPRECATED_OBJC_IMPLEMENTATIONS = YES;
				CLANG_WARN_DIRECT_OBJC_ISA_USAGE = YES_ERROR;
				CLANG_WARN_DOCUMENTATION_COMMENTS = YES;
				CLANG_WARN_EMPTY_BODY = YES;
				CLANG_WARN_ENUM_CONVERSION = YES;
				CLANG_WARN_INFINITE_RECURSION = YES;
				CLANG_WARN_INT_CONVERSION = YES;
				CLANG_WARN_NON_LITERAL_NULL_CONVERSION = YES;
				CLANG_WARN_OBJC_IMPLICIT_RETAIN_SELF = YES;
				CLANG_WARN_OBJC_LITERAL_CONVERSION = YES;
				CLANG_WARN_OBJC_ROOT_CLASS = YES_ERROR;
				CLANG_WARN_QUOTED_INCLUDE_IN_FRAMEWORK_HEADER = YES;
				CLANG_WARN_RANGE_LOOP_ANALYSIS = YES;
				CLANG_WARN_STRICT_PROTOTYPES = YES;
				CLANG_WARN_SUSPICIOUS_MOVE = YES;
				CLANG_WARN_UNGUARDED_AVAILABILITY = YES_AGGRESSIVE;
				CLANG_WARN_UNREACHABLE_CODE = YES;
				CLANG_WARN__DUPLICATE_METHOD_MATCH = YES;
				COPY_PHASE_STRIP = NO;
				DEBUG_INFORMATION_FORMAT = dwarf;
				ENABLE_STRICT_OBJC_MSGSEND = YES;
				ENABLE_TESTABILITY = YES;
				GCC_C_LANGUAGE_STANDARD = gnu11;
				GCC_DYNAMIC_NO_PIC = NO;
				GCC_NO_COMMON_BLOCKS = YES;
				GCC_OPTIMIZATION_LEVEL = 0;
				GCC_PREPROCESSOR_DEFINITIONS = (
					"DEBUG=1",
					"$(inherited)",
				);
				GCC_WARN_64_TO_32_BIT_CONVERSION = YES;
				GCC_WARN_ABOUT_RETURN_TYPE = YES_ERROR;
				GCC_WARN_UNDECLARED_SELECTOR = YES;
				GCC_WARN_UNINITIALIZED_AUTOS = YES_AGGRESSIVE;
				GCC_WARN_UNUSED_FUNCTION = YES;
				GCC_WARN_UNUSED_VARIABLE = YES;
				IPHONEOS_DEPLOYMENT_TARGET = 14.4;
				MTL_ENABLE_DEBUG_INFO = INCLUDE_SOURCE;
				MTL_FAST_MATH = YES;
				ONLY_ACTIVE_ARCH = YES;
				SDKROOT = iphoneos;
				SWIFT_ACTIVE_COMPILATION_CONDITIONS = DEBUG;
				SWIFT_OPTIMIZATION_LEVEL = "-Onone";
			};
			name = Debug;
		};
		17FDC34B2641A0E500A9EFAE /* Release */ = {
			isa = XCBuildConfiguration;
			buildSettings = {
				ALWAYS_SEARCH_USER_PATHS = NO;
				CLANG_ANALYZER_NONNULL = YES;
				CLANG_ANALYZER_NUMBER_OBJECT_CONVERSION = YES_AGGRESSIVE;
				CLANG_CXX_LANGUAGE_STANDARD = "gnu++14";
				CLANG_CXX_LIBRARY = "libc++";
				CLANG_ENABLE_MODULES = YES;
				CLANG_ENABLE_OBJC_ARC = YES;
				CLANG_ENABLE_OBJC_WEAK = YES;
				CLANG_WARN_BLOCK_CAPTURE_AUTORELEASING = YES;
				CLANG_WARN_BOOL_CONVERSION = YES;
				CLANG_WARN_COMMA = YES;
				CLANG_WARN_CONSTANT_CONVERSION = YES;
				CLANG_WARN_DEPRECATED_OBJC_IMPLEMENTATIONS = YES;
				CLANG_WARN_DIRECT_OBJC_ISA_USAGE = YES_ERROR;
				CLANG_WARN_DOCUMENTATION_COMMENTS = YES;
				CLANG_WARN_EMPTY_BODY = YES;
				CLANG_WARN_ENUM_CONVERSION = YES;
				CLANG_WARN_INFINITE_RECURSION = YES;
				CLANG_WARN_INT_CONVERSION = YES;
				CLANG_WARN_NON_LITERAL_NULL_CONVERSION = YES;
				CLANG_WARN_OBJC_IMPLICIT_RETAIN_SELF = YES;
				CLANG_WARN_OBJC_LITERAL_CONVERSION = YES;
				CLANG_WARN_OBJC_ROOT_CLASS = YES_ERROR;
				CLANG_WARN_QUOTED_INCLUDE_IN_FRAMEWORK_HEADER = YES;
				CLANG_WARN_RANGE_LOOP_ANALYSIS = YES;
				CLANG_WARN_STRICT_PROTOTYPES = YES;
				CLANG_WARN_SUSPICIOUS_MOVE = YES;
				CLANG_WARN_UNGUARDED_AVAILABILITY = YES_AGGRESSIVE;
				CLANG_WARN_UNREACHABLE_CODE = YES;
				CLANG_WARN__DUPLICATE_METHOD_MATCH = YES;
				COPY_PHASE_STRIP = NO;
				DEBUG_INFORMATION_FORMAT = "dwarf-with-dsym";
				ENABLE_NS_ASSERTIONS = NO;
				ENABLE_STRICT_OBJC_MSGSEND = YES;
				GCC_C_LANGUAGE_STANDARD = gnu11;
				GCC_NO_COMMON_BLOCKS = YES;
				GCC_WARN_64_TO_32_BIT_CONVERSION = YES;
				GCC_WARN_ABOUT_RETURN_TYPE = YES_ERROR;
				GCC_WARN_UNDECLARED_SELECTOR = YES;
				GCC_WARN_UNINITIALIZED_AUTOS = YES_AGGRESSIVE;
				GCC_WARN_UNUSED_FUNCTION = YES;
				GCC_WARN_UNUSED_VARIABLE = YES;
				IPHONEOS_DEPLOYMENT_TARGET = 14.4;
				MTL_ENABLE_DEBUG_INFO = NO;
				MTL_FAST_MATH = YES;
				SDKROOT = iphoneos;
				SWIFT_COMPILATION_MODE = wholemodule;
				SWIFT_OPTIMIZATION_LEVEL = "-O";
				VALIDATE_PRODUCT = YES;
			};
			name = Release;
		};
		17FDC34D2641A0E500A9EFAE /* Debug */ = {
			isa = XCBuildConfiguration;
			baseConfigurationReference = 1B9D3A66B1BB06A8F219EF5A /* Pods-Infra-TotoRan.debug.xcconfig */;
			buildSettings = {
				ALWAYS_EMBED_SWIFT_STANDARD_LIBRARIES = "$(inherited)";
				ASSETCATALOG_COMPILER_APPICON_NAME = AppIcon;
				ASSETCATALOG_COMPILER_GLOBAL_ACCENT_COLOR_NAME = AccentColor;
				CODE_SIGN_STYLE = Automatic;
				DEVELOPMENT_TEAM = 489E83K4WZ;
				INFOPLIST_FILE = TotoRan/Info.plist;
				IPHONEOS_DEPLOYMENT_TARGET = 13.0;
				LD_RUNPATH_SEARCH_PATHS = (
					"$(inherited)",
					"@executable_path/Frameworks",
				);
				MARKETING_VERSION = 1.2;
				PRODUCT_BUNDLE_IDENTIFIER = tei.kosou.TotoRan;
				PRODUCT_NAME = "$(TARGET_NAME)";
				SUPPORTED_PLATFORMS = "iphonesimulator iphoneos";
				SWIFT_VERSION = 5.0;
				TARGETED_DEVICE_FAMILY = "1,2";
			};
			name = Debug;
		};
		17FDC34E2641A0E500A9EFAE /* Release */ = {
			isa = XCBuildConfiguration;
			baseConfigurationReference = 537975C58894AC2B74128B92 /* Pods-Infra-TotoRan.release.xcconfig */;
			buildSettings = {
				ALWAYS_EMBED_SWIFT_STANDARD_LIBRARIES = "$(inherited)";
				ASSETCATALOG_COMPILER_APPICON_NAME = AppIcon;
				ASSETCATALOG_COMPILER_GLOBAL_ACCENT_COLOR_NAME = AccentColor;
				CODE_SIGN_STYLE = Automatic;
				DEVELOPMENT_TEAM = 489E83K4WZ;
				INFOPLIST_FILE = TotoRan/Info.plist;
				IPHONEOS_DEPLOYMENT_TARGET = 13.0;
				LD_RUNPATH_SEARCH_PATHS = (
					"$(inherited)",
					"@executable_path/Frameworks",
				);
				MARKETING_VERSION = 1.2;
				PRODUCT_BUNDLE_IDENTIFIER = tei.kosou.TotoRan;
				PRODUCT_NAME = "$(TARGET_NAME)";
				SUPPORTED_PLATFORMS = "iphonesimulator iphoneos";
				SWIFT_VERSION = 5.0;
				TARGETED_DEVICE_FAMILY = "1,2";
			};
			name = Release;
		};
		17FDC3502641A0E500A9EFAE /* Debug */ = {
			isa = XCBuildConfiguration;
			baseConfigurationReference = D9B017DD0B75970500F12C20 /* Pods-TotoRanTests.debug.xcconfig */;
			buildSettings = {
				ALWAYS_EMBED_SWIFT_STANDARD_LIBRARIES = "$(inherited)";
				BUNDLE_LOADER = "$(TEST_HOST)";
				CODE_SIGN_STYLE = Automatic;
				INFOPLIST_FILE = TotoRanTests/Info.plist;
				IPHONEOS_DEPLOYMENT_TARGET = 14.4;
				LD_RUNPATH_SEARCH_PATHS = (
					"$(inherited)",
					"@executable_path/Frameworks",
					"@loader_path/Frameworks",
				);
				PRODUCT_BUNDLE_IDENTIFIER = tei.kosou.TotoRanTests;
				PRODUCT_NAME = "$(TARGET_NAME)";
				SWIFT_VERSION = 5.0;
				TARGETED_DEVICE_FAMILY = "1,2";
				TEST_HOST = "$(BUILT_PRODUCTS_DIR)/TotoRan.app/TotoRan";
			};
			name = Debug;
		};
		17FDC3512641A0E500A9EFAE /* Release */ = {
			isa = XCBuildConfiguration;
			baseConfigurationReference = 083EADC0A1FFE0082F78C4B2 /* Pods-TotoRanTests.release.xcconfig */;
			buildSettings = {
				ALWAYS_EMBED_SWIFT_STANDARD_LIBRARIES = "$(inherited)";
				BUNDLE_LOADER = "$(TEST_HOST)";
				CODE_SIGN_STYLE = Automatic;
				INFOPLIST_FILE = TotoRanTests/Info.plist;
				IPHONEOS_DEPLOYMENT_TARGET = 14.4;
				LD_RUNPATH_SEARCH_PATHS = (
					"$(inherited)",
					"@executable_path/Frameworks",
					"@loader_path/Frameworks",
				);
				PRODUCT_BUNDLE_IDENTIFIER = tei.kosou.TotoRanTests;
				PRODUCT_NAME = "$(TARGET_NAME)";
				SWIFT_VERSION = 5.0;
				TARGETED_DEVICE_FAMILY = "1,2";
				TEST_HOST = "$(BUILT_PRODUCTS_DIR)/TotoRan.app/TotoRan";
			};
			name = Release;
		};
		17FDC3532641A0E500A9EFAE /* Debug */ = {
			isa = XCBuildConfiguration;
			baseConfigurationReference = 1EB40EC314EE258C12515CF4 /* Pods-TotoRanUITests.debug.xcconfig */;
			buildSettings = {
				ALWAYS_EMBED_SWIFT_STANDARD_LIBRARIES = "$(inherited)";
				CODE_SIGN_STYLE = Automatic;
				INFOPLIST_FILE = TotoRanUITests/Info.plist;
				LD_RUNPATH_SEARCH_PATHS = (
					"$(inherited)",
					"@executable_path/Frameworks",
					"@loader_path/Frameworks",
				);
				PRODUCT_BUNDLE_IDENTIFIER = tei.kosou.TotoRanUITests;
				PRODUCT_NAME = "$(TARGET_NAME)";
				SWIFT_VERSION = 5.0;
				TARGETED_DEVICE_FAMILY = "1,2";
				TEST_TARGET_NAME = TotoRan;
			};
			name = Debug;
		};
		17FDC3542641A0E500A9EFAE /* Release */ = {
			isa = XCBuildConfiguration;
			baseConfigurationReference = 65D26B4EFC8B478A32A7E728 /* Pods-TotoRanUITests.release.xcconfig */;
			buildSettings = {
				ALWAYS_EMBED_SWIFT_STANDARD_LIBRARIES = "$(inherited)";
				CODE_SIGN_STYLE = Automatic;
				INFOPLIST_FILE = TotoRanUITests/Info.plist;
				LD_RUNPATH_SEARCH_PATHS = (
					"$(inherited)",
					"@executable_path/Frameworks",
					"@loader_path/Frameworks",
				);
				PRODUCT_BUNDLE_IDENTIFIER = tei.kosou.TotoRanUITests;
				PRODUCT_NAME = "$(TARGET_NAME)";
				SWIFT_VERSION = 5.0;
				TARGETED_DEVICE_FAMILY = "1,2";
				TEST_TARGET_NAME = TotoRan;
			};
			name = Release;
		};
/* End XCBuildConfiguration section */

/* Begin XCConfigurationList section */
		172D47C82671E85D00835E5B /* Build configuration list for PBXNativeTarget "Domain" */ = {
			isa = XCConfigurationList;
			buildConfigurations = (
				172D47C42671E85D00835E5B /* Debug */,
				172D47C52671E85D00835E5B /* Release */,
			);
			defaultConfigurationIsVisible = 0;
			defaultConfigurationName = Release;
		};
		172D47C92671E85D00835E5B /* Build configuration list for PBXNativeTarget "DomainTests" */ = {
			isa = XCConfigurationList;
			buildConfigurations = (
				172D47C62671E85D00835E5B /* Debug */,
				172D47C72671E85D00835E5B /* Release */,
			);
			defaultConfigurationIsVisible = 0;
			defaultConfigurationName = Release;
		};
		172D48972672157A00835E5B /* Build configuration list for PBXNativeTarget "Infra" */ = {
			isa = XCConfigurationList;
			buildConfigurations = (
				172D48932672157A00835E5B /* Debug */,
				172D48942672157A00835E5B /* Release */,
			);
			defaultConfigurationIsVisible = 0;
			defaultConfigurationName = Release;
		};
		172D48982672157A00835E5B /* Build configuration list for PBXNativeTarget "InfraTests" */ = {
			isa = XCConfigurationList;
			buildConfigurations = (
				172D48952672157A00835E5B /* Debug */,
				172D48962672157A00835E5B /* Release */,
			);
			defaultConfigurationIsVisible = 0;
			defaultConfigurationName = Release;
		};
		17FDC31D2641A0E300A9EFAE /* Build configuration list for PBXProject "TotoRan" */ = {
			isa = XCConfigurationList;
			buildConfigurations = (
				17FDC34A2641A0E500A9EFAE /* Debug */,
				17FDC34B2641A0E500A9EFAE /* Release */,
			);
			defaultConfigurationIsVisible = 0;
			defaultConfigurationName = Release;
		};
		17FDC34C2641A0E500A9EFAE /* Build configuration list for PBXNativeTarget "TotoRan" */ = {
			isa = XCConfigurationList;
			buildConfigurations = (
				17FDC34D2641A0E500A9EFAE /* Debug */,
				17FDC34E2641A0E500A9EFAE /* Release */,
			);
			defaultConfigurationIsVisible = 0;
			defaultConfigurationName = Release;
		};
		17FDC34F2641A0E500A9EFAE /* Build configuration list for PBXNativeTarget "TotoRanTests" */ = {
			isa = XCConfigurationList;
			buildConfigurations = (
				17FDC3502641A0E500A9EFAE /* Debug */,
				17FDC3512641A0E500A9EFAE /* Release */,
			);
			defaultConfigurationIsVisible = 0;
			defaultConfigurationName = Release;
		};
		17FDC3522641A0E500A9EFAE /* Build configuration list for PBXNativeTarget "TotoRanUITests" */ = {
			isa = XCConfigurationList;
			buildConfigurations = (
				17FDC3532641A0E500A9EFAE /* Debug */,
				17FDC3542641A0E500A9EFAE /* Release */,
			);
			defaultConfigurationIsVisible = 0;
			defaultConfigurationName = Release;
		};
/* End XCConfigurationList section */
	};
	rootObject = 17FDC31A2641A0E300A9EFAE /* Project object */;
}
